// !$*UTF8*$!
{
	archiveVersion = 1;
	classes = {
	};
	objectVersion = 56;
	objects = {

/* Begin PBXBuildFile section */
		EABECCCC2AC8B39700ECD0C4 /* InstaReelsUIApp.swift in Sources */ = {isa = PBXBuildFile; fileRef = EABECCCB2AC8B39700ECD0C4 /* InstaReelsUIApp.swift */; };
		EABECCCE2AC8B39700ECD0C4 /* ContentView.swift in Sources */ = {isa = PBXBuildFile; fileRef = EABECCCD2AC8B39700ECD0C4 /* ContentView.swift */; };
		EABECCD02AC8B39900ECD0C4 /* Assets.xcassets in Resources */ = {isa = PBXBuildFile; fileRef = EABECCCF2AC8B39900ECD0C4 /* Assets.xcassets */; };
		EABECCD32AC8B39900ECD0C4 /* Preview Assets.xcassets in Resources */ = {isa = PBXBuildFile; fileRef = EABECCD22AC8B39900ECD0C4 /* Preview Assets.xcassets */; };
		EABECCDF2AC8B58600ECD0C4 /* Reel2.mp4 in Resources */ = {isa = PBXBuildFile; fileRef = EABECCD92AC8B58600ECD0C4 /* Reel2.mp4 */; };
		EABECCE02AC8B58600ECD0C4 /* Reel1.mp4 in Resources */ = {isa = PBXBuildFile; fileRef = EABECCDA2AC8B58600ECD0C4 /* Reel1.mp4 */; };
		EABECCE12AC8B58600ECD0C4 /* Reel4.mp4 in Resources */ = {isa = PBXBuildFile; fileRef = EABECCDB2AC8B58600ECD0C4 /* Reel4.mp4 */; };
		EABECCE22AC8B58600ECD0C4 /* Reel5.mp4 in Resources */ = {isa = PBXBuildFile; fileRef = EABECCDC2AC8B58600ECD0C4 /* Reel5.mp4 */; };
		EABECCE32AC8B58600ECD0C4 /* Reel6.mp4 in Resources */ = {isa = PBXBuildFile; fileRef = EABECCDD2AC8B58600ECD0C4 /* Reel6.mp4 */; };
		EABECCE42AC8B58600ECD0C4 /* Reel3.mp4 in Resources */ = {isa = PBXBuildFile; fileRef = EABECCDE2AC8B58600ECD0C4 /* Reel3.mp4 */; };
		EABECCE82AC8B71900ECD0C4 /* MediaFile.swift in Sources */ = {isa = PBXBuildFile; fileRef = EABECCE72AC8B71900ECD0C4 /* MediaFile.swift */; };
		EABECCEA2AC8B8D400ECD0C4 /* Home.swift in Sources */ = {isa = PBXBuildFile; fileRef = EABECCE92AC8B8D400ECD0C4 /* Home.swift */; };
		EABECCEC2AC8BA2000ECD0C4 /* ReelsView.swift in Sources */ = {isa = PBXBuildFile; fileRef = EABECCEB2AC8BA2000ECD0C4 /* ReelsView.swift */; };
		EABECCEE2AC9372F00ECD0C4 /* Reel.swift in Sources */ = {isa = PBXBuildFile; fileRef = EABECCED2AC9372F00ECD0C4 /* Reel.swift */; };
		EABECCF02AC9394E00ECD0C4 /* CustomVideoPlayer.swift in Sources */ = {isa = PBXBuildFile; fileRef = EABECCEF2AC9394E00ECD0C4 /* CustomVideoPlayer.swift */; };
/* End PBXBuildFile section */

/* Begin PBXFileReference section */
		EABECCC82AC8B39700ECD0C4 /* InstaReelsUI.app */ = {isa = PBXFileReference; explicitFileType = wrapper.application; includeInIndex = 0; path = InstaReelsUI.app; sourceTree = BUILT_PRODUCTS_DIR; };
		EABECCCB2AC8B39700ECD0C4 /* InstaReelsUIApp.swift */ = {isa = PBXFileReference; lastKnownFileType = sourcecode.swift; path = InstaReelsUIApp.swift; sourceTree = "<group>"; };
		EABECCCD2AC8B39700ECD0C4 /* ContentView.swift */ = {isa = PBXFileReference; lastKnownFileType = sourcecode.swift; path = ContentView.swift; sourceTree = "<group>"; };
		EABECCCF2AC8B39900ECD0C4 /* Assets.xcassets */ = {isa = PBXFileReference; lastKnownFileType = folder.assetcatalog; path = Assets.xcassets; sourceTree = "<group>"; };
		EABECCD22AC8B39900ECD0C4 /* Preview Assets.xcassets */ = {isa = PBXFileReference; lastKnownFileType = folder.assetcatalog; path = "Preview Assets.xcassets"; sourceTree = "<group>"; };
		EABECCD92AC8B58600ECD0C4 /* Reel2.mp4 */ = {isa = PBXFileReference; lastKnownFileType = file; path = Reel2.mp4; sourceTree = "<group>"; };
		EABECCDA2AC8B58600ECD0C4 /* Reel1.mp4 */ = {isa = PBXFileReference; lastKnownFileType = file; path = Reel1.mp4; sourceTree = "<group>"; };
		EABECCDB2AC8B58600ECD0C4 /* Reel4.mp4 */ = {isa = PBXFileReference; lastKnownFileType = file; path = Reel4.mp4; sourceTree = "<group>"; };
		EABECCDC2AC8B58600ECD0C4 /* Reel5.mp4 */ = {isa = PBXFileReference; lastKnownFileType = file; path = Reel5.mp4; sourceTree = "<group>"; };
		EABECCDD2AC8B58600ECD0C4 /* Reel6.mp4 */ = {isa = PBXFileReference; lastKnownFileType = file; path = Reel6.mp4; sourceTree = "<group>"; };
		EABECCDE2AC8B58600ECD0C4 /* Reel3.mp4 */ = {isa = PBXFileReference; lastKnownFileType = file; path = Reel3.mp4; sourceTree = "<group>"; };
		EABECCE72AC8B71900ECD0C4 /* MediaFile.swift */ = {isa = PBXFileReference; lastKnownFileType = sourcecode.swift; path = MediaFile.swift; sourceTree = "<group>"; };
		EABECCE92AC8B8D400ECD0C4 /* Home.swift */ = {isa = PBXFileReference; lastKnownFileType = sourcecode.swift; path = Home.swift; sourceTree = "<group>"; };
		EABECCEB2AC8BA2000ECD0C4 /* ReelsView.swift */ = {isa = PBXFileReference; lastKnownFileType = sourcecode.swift; path = ReelsView.swift; sourceTree = "<group>"; };
		EABECCED2AC9372F00ECD0C4 /* Reel.swift */ = {isa = PBXFileReference; lastKnownFileType = sourcecode.swift; path = Reel.swift; sourceTree = "<group>"; };
		EABECCEF2AC9394E00ECD0C4 /* CustomVideoPlayer.swift */ = {isa = PBXFileReference; lastKnownFileType = sourcecode.swift; path = CustomVideoPlayer.swift; sourceTree = "<group>"; };
/* End PBXFileReference section */

/* Begin PBXFrameworksBuildPhase section */
		EABECCC52AC8B39700ECD0C4 /* Frameworks */ = {
			isa = PBXFrameworksBuildPhase;
			buildActionMask = 2147483647;
			files = (
			);
			runOnlyForDeploymentPostprocessing = 0;
		};
/* End PBXFrameworksBuildPhase section */

/* Begin PBXGroup section */
		EABECCBF2AC8B39700ECD0C4 = {
			isa = PBXGroup;
			children = (
				EABECCDA2AC8B58600ECD0C4 /* Reel1.mp4 */,
				EABECCD92AC8B58600ECD0C4 /* Reel2.mp4 */,
				EABECCDE2AC8B58600ECD0C4 /* Reel3.mp4 */,
				EABECCDB2AC8B58600ECD0C4 /* Reel4.mp4 */,
				EABECCDC2AC8B58600ECD0C4 /* Reel5.mp4 */,
				EABECCDD2AC8B58600ECD0C4 /* Reel6.mp4 */,
				EABECCCA2AC8B39700ECD0C4 /* InstaReelsUI */,
				EABECCC92AC8B39700ECD0C4 /* Products */,
			);
			sourceTree = "<group>";
		};
		EABECCC92AC8B39700ECD0C4 /* Products */ = {
			isa = PBXGroup;
			children = (
				EABECCC82AC8B39700ECD0C4 /* InstaReelsUI.app */,
			);
			name = Products;
			sourceTree = "<group>";
		};
		EABECCCA2AC8B39700ECD0C4 /* InstaReelsUI */ = {
			isa = PBXGroup;
			children = (
				EABECCE62AC8B70B00ECD0C4 /* Model */,
				EABECCE52AC8B70800ECD0C4 /* View */,
				EABECCCB2AC8B39700ECD0C4 /* InstaReelsUIApp.swift */,
				EABECCCD2AC8B39700ECD0C4 /* ContentView.swift */,
				EABECCCF2AC8B39900ECD0C4 /* Assets.xcassets */,
				EABECCD12AC8B39900ECD0C4 /* Preview Content */,
			);
			path = InstaReelsUI;
			sourceTree = "<group>";
		};
		EABECCD12AC8B39900ECD0C4 /* Preview Content */ = {
			isa = PBXGroup;
			children = (
				EABECCD22AC8B39900ECD0C4 /* Preview Assets.xcassets */,
			);
			path = "Preview Content";
			sourceTree = "<group>";
		};
		EABECCE52AC8B70800ECD0C4 /* View */ = {
			isa = PBXGroup;
			children = (
				EABECCE92AC8B8D400ECD0C4 /* Home.swift */,
				EABECCEB2AC8BA2000ECD0C4 /* ReelsView.swift */,
				EABECCEF2AC9394E00ECD0C4 /* CustomVideoPlayer.swift */,
			);
			path = View;
			sourceTree = "<group>";
		};
		EABECCE62AC8B70B00ECD0C4 /* Model */ = {
			isa = PBXGroup;
			children = (
				EABECCE72AC8B71900ECD0C4 /* MediaFile.swift */,
				EABECCED2AC9372F00ECD0C4 /* Reel.swift */,
			);
			path = Model;
			sourceTree = "<group>";
		};
/* End PBXGroup section */

/* Begin PBXNativeTarget section */
		EABECCC72AC8B39700ECD0C4 /* InstaReelsUI */ = {
			isa = PBXNativeTarget;
			buildConfigurationList = EABECCD62AC8B39900ECD0C4 /* Build configuration list for PBXNativeTarget "InstaReelsUI" */;
			buildPhases = (
				EABECCC42AC8B39700ECD0C4 /* Sources */,
				EABECCC52AC8B39700ECD0C4 /* Frameworks */,
				EABECCC62AC8B39700ECD0C4 /* Resources */,
			);
			buildRules = (
			);
			dependencies = (
			);
			name = InstaReelsUI;
			productName = InstaReelsUI;
			productReference = EABECCC82AC8B39700ECD0C4 /* InstaReelsUI.app */;
			productType = "com.apple.product-type.application";
		};
/* End PBXNativeTarget section */

/* Begin PBXProject section */
		EABECCC02AC8B39700ECD0C4 /* Project object */ = {
			isa = PBXProject;
			attributes = {
				BuildIndependentTargetsInParallel = 1;
				LastSwiftUpdateCheck = 1500;
				LastUpgradeCheck = 1500;
				TargetAttributes = {
					EABECCC72AC8B39700ECD0C4 = {
						CreatedOnToolsVersion = 15.0;
					};
				};
			};
			buildConfigurationList = EABECCC32AC8B39700ECD0C4 /* Build configuration list for PBXProject "InstaReelsUI" */;
			compatibilityVersion = "Xcode 14.0";
			developmentRegion = en;
			hasScannedForEncodings = 0;
			knownRegions = (
				en,
				Base,
			);
			mainGroup = EABECCBF2AC8B39700ECD0C4;
			productRefGroup = EABECCC92AC8B39700ECD0C4 /* Products */;
			projectDirPath = "";
			projectRoot = "";
			targets = (
				EABECCC72AC8B39700ECD0C4 /* InstaReelsUI */,
			);
		};
/* End PBXProject section */

/* Begin PBXResourcesBuildPhase section */
		EABECCC62AC8B39700ECD0C4 /* Resources */ = {
			isa = PBXResourcesBuildPhase;
			buildActionMask = 2147483647;
			files = (
				EABECCDF2AC8B58600ECD0C4 /* Reel2.mp4 in Resources */,
				EABECCE02AC8B58600ECD0C4 /* Reel1.mp4 in Resources */,
				EABECCE12AC8B58600ECD0C4 /* Reel4.mp4 in Resources */,
				EABECCE22AC8B58600ECD0C4 /* Reel5.mp4 in Resources */,
				EABECCE32AC8B58600ECD0C4 /* Reel6.mp4 in Resources */,
				EABECCE42AC8B58600ECD0C4 /* Reel3.mp4 in Resources */,
				EABECCD32AC8B39900ECD0C4 /* Preview Assets.xcassets in Resources */,
				EABECCD02AC8B39900ECD0C4 /* Assets.xcassets in Resources */,
			);
			runOnlyForDeploymentPostprocessing = 0;
		};
/* End PBXResourcesBuildPhase section */

/* Begin PBXSourcesBuildPhase section */
		EABECCC42AC8B39700ECD0C4 /* Sources */ = {
			isa = PBXSourcesBuildPhase;
			buildActionMask = 2147483647;
			files = (
				EABECCF02AC9394E00ECD0C4 /* CustomVideoPlayer.swift in Sources */,
				EABECCCE2AC8B39700ECD0C4 /* ContentView.swift in Sources */,
				EABECCEE2AC9372F00ECD0C4 /* Reel.swift in Sources */,
				EABECCEC2AC8BA2000ECD0C4 /* ReelsView.swift in Sources */,
				EABECCCC2AC8B39700ECD0C4 /* InstaReelsUIApp.swift in Sources */,
				EABECCEA2AC8B8D400ECD0C4 /* Home.swift in Sources */,
				EABECCE82AC8B71900ECD0C4 /* MediaFile.swift in Sources */,
			);
			runOnlyForDeploymentPostprocessing = 0;
		};
/* End PBXSourcesBuildPhase section */

/* Begin XCBuildConfiguration section */
		EABECCD42AC8B39900ECD0C4 /* Debug */ = {
			isa = XCBuildConfiguration;
			buildSettings = {
				ALWAYS_SEARCH_USER_PATHS = NO;
				ASSETCATALOG_COMPILER_GENERATE_SWIFT_ASSET_SYMBOL_EXTENSIONS = YES;
				CLANG_ANALYZER_NONNULL = YES;
				CLANG_ANALYZER_NUMBER_OBJECT_CONVERSION = YES_AGGRESSIVE;
				CLANG_CXX_LANGUAGE_STANDARD = "gnu++20";
				CLANG_ENABLE_MODULES = YES;
				CLANG_ENABLE_OBJC_ARC = YES;
				CLANG_ENABLE_OBJC_WEAK = YES;
				CLANG_WARN_BLOCK_CAPTURE_AUTORELEASING = YES;
				CLANG_WARN_BOOL_CONVERSION = YES;
				CLANG_WARN_COMMA = YES;
				CLANG_WARN_CONSTANT_CONVERSION = YES;
				CLANG_WARN_DEPRECATED_OBJC_IMPLEMENTATIONS = YES;
				CLANG_WARN_DIRECT_OBJC_ISA_USAGE = YES_ERROR;
				CLANG_WARN_DOCUMENTATION_COMMENTS = YES;
				CLANG_WARN_EMPTY_BODY = YES;
				CLANG_WARN_ENUM_CONVERSION = YES;
				CLANG_WARN_INFINITE_RECURSION = YES;
				CLANG_WARN_INT_CONVERSION = YES;
				CLANG_WARN_NON_LITERAL_NULL_CONVERSION = YES;
				CLANG_WARN_OBJC_IMPLICIT_RETAIN_SELF = YES;
				CLANG_WARN_OBJC_LITERAL_CONVERSION = YES;
				CLANG_WARN_OBJC_ROOT_CLASS = YES_ERROR;
				CLANG_WARN_QUOTED_INCLUDE_IN_FRAMEWORK_HEADER = YES;
				CLANG_WARN_RANGE_LOOP_ANALYSIS = YES;
				CLANG_WARN_STRICT_PROTOTYPES = YES;
				CLANG_WARN_SUSPICIOUS_MOVE = YES;
				CLANG_WARN_UNGUARDED_AVAILABILITY = YES_AGGRESSIVE;
				CLANG_WARN_UNREACHABLE_CODE = YES;
				CLANG_WARN__DUPLICATE_METHOD_MATCH = YES;
				COPY_PHASE_STRIP = NO;
				DEBUG_INFORMATION_FORMAT = dwarf;
				ENABLE_STRICT_OBJC_MSGSEND = YES;
				ENABLE_TESTABILITY = YES;
				ENABLE_USER_SCRIPT_SANDBOXING = YES;
				GCC_C_LANGUAGE_STANDARD = gnu17;
				GCC_DYNAMIC_NO_PIC = NO;
				GCC_NO_COMMON_BLOCKS = YES;
				GCC_OPTIMIZATION_LEVEL = 0;
				GCC_PREPROCESSOR_DEFINITIONS = (
					"DEBUG=1",
					"$(inherited)",
				);
				GCC_WARN_64_TO_32_BIT_CONVERSION = YES;
				GCC_WARN_ABOUT_RETURN_TYPE = YES_ERROR;
				GCC_WARN_UNDECLARED_SELECTOR = YES;
				GCC_WARN_UNINITIALIZED_AUTOS = YES_AGGRESSIVE;
				GCC_WARN_UNUSED_FUNCTION = YES;
				GCC_WARN_UNUSED_VARIABLE = YES;
				IPHONEOS_DEPLOYMENT_TARGET = 17.0;
				LOCALIZATION_PREFERS_STRING_CATALOGS = YES;
				MTL_ENABLE_DEBUG_INFO = INCLUDE_SOURCE;
				MTL_FAST_MATH = YES;
				ONLY_ACTIVE_ARCH = YES;
				SDKROOT = iphoneos;
				SWIFT_ACTIVE_COMPILATION_CONDITIONS = "DEBUG $(inherited)";
				SWIFT_OPTIMIZATION_LEVEL = "-Onone";
			};
			name = Debug;
		};
		EABECCD52AC8B39900ECD0C4 /* Release */ = {
			isa = XCBuildConfiguration;
			buildSettings = {
				ALWAYS_SEARCH_USER_PATHS = NO;
				ASSETCATALOG_COMPILER_GENERATE_SWIFT_ASSET_SYMBOL_EXTENSIONS = YES;
				CLANG_ANALYZER_NONNULL = YES;
				CLANG_ANALYZER_NUMBER_OBJECT_CONVERSION = YES_AGGRESSIVE;
				CLANG_CXX_LANGUAGE_STANDARD = "gnu++20";
				CLANG_ENABLE_MODULES = YES;
				CLANG_ENABLE_OBJC_ARC = YES;
				CLANG_ENABLE_OBJC_WEAK = YES;
				CLANG_WARN_BLOCK_CAPTURE_AUTORELEASING = YES;
				CLANG_WARN_BOOL_CONVERSION = YES;
				CLANG_WARN_COMMA = YES;
				CLANG_WARN_CONSTANT_CONVERSION = YES;
				CLANG_WARN_DEPRECATED_OBJC_IMPLEMENTATIONS = YES;
				CLANG_WARN_DIRECT_OBJC_ISA_USAGE = YES_ERROR;
				CLANG_WARN_DOCUMENTATION_COMMENTS = YES;
				CLANG_WARN_EMPTY_BODY = YES;
				CLANG_WARN_ENUM_CONVERSION = YES;
				CLANG_WARN_INFINITE_RECURSION = YES;
				CLANG_WARN_INT_CONVERSION = YES;
				CLANG_WARN_NON_LITERAL_NULL_CONVERSION = YES;
				CLANG_WARN_OBJC_IMPLICIT_RETAIN_SELF = YES;
				CLANG_WARN_OBJC_LITERAL_CONVERSION = YES;
				CLANG_WARN_OBJC_ROOT_CLASS = YES_ERROR;
				CLANG_WARN_QUOTED_INCLUDE_IN_FRAMEWORK_HEADER = YES;
				CLANG_WARN_RANGE_LOOP_ANALYSIS = YES;
				CLANG_WARN_STRICT_PROTOTYPES = YES;
				CLANG_WARN_SUSPICIOUS_MOVE = YES;
				CLANG_WARN_UNGUARDED_AVAILABILITY = YES_AGGRESSIVE;
				CLANG_WARN_UNREACHABLE_CODE = YES;
				CLANG_WARN__DUPLICATE_METHOD_MATCH = YES;
				COPY_PHASE_STRIP = NO;
				DEBUG_INFORMATION_FORMAT = "dwarf-with-dsym";
				ENABLE_NS_ASSERTIONS = NO;
				ENABLE_STRICT_OBJC_MSGSEND = YES;
				ENABLE_USER_SCRIPT_SANDBOXING = YES;
				GCC_C_LANGUAGE_STANDARD = gnu17;
				GCC_NO_COMMON_BLOCKS = YES;
				GCC_WARN_64_TO_32_BIT_CONVERSION = YES;
				GCC_WARN_ABOUT_RETURN_TYPE = YES_ERROR;
				GCC_WARN_UNDECLARED_SELECTOR = YES;
				GCC_WARN_UNINITIALIZED_AUTOS = YES_AGGRESSIVE;
				GCC_WARN_UNUSED_FUNCTION = YES;
				GCC_WARN_UNUSED_VARIABLE = YES;
				IPHONEOS_DEPLOYMENT_TARGET = 17.0;
				LOCALIZATION_PREFERS_STRING_CATALOGS = YES;
				MTL_ENABLE_DEBUG_INFO = NO;
				MTL_FAST_MATH = YES;
				SDKROOT = iphoneos;
				SWIFT_COMPILATION_MODE = wholemodule;
				VALIDATE_PRODUCT = YES;
			};
			name = Release;
		};
		EABECCD72AC8B39900ECD0C4 /* Debug */ = {
			isa = XCBuildConfiguration;
			buildSettings = {
				ASSETCATALOG_COMPILER_APPICON_NAME = AppIcon;
				ASSETCATALOG_COMPILER_GLOBAL_ACCENT_COLOR_NAME = AccentColor;
				CODE_SIGN_STYLE = Automatic;
				CURRENT_PROJECT_VERSION = 1;
				DEVELOPMENT_ASSET_PATHS = "\"InstaReelsUI/Preview Content\"";
				ENABLE_PREVIEWS = YES;
				GENERATE_INFOPLIST_FILE = YES;
				INFOPLIST_KEY_UIApplicationSceneManifest_Generation = YES;
				INFOPLIST_KEY_UIApplicationSupportsIndirectInputEvents = YES;
				INFOPLIST_KEY_UILaunchScreen_Generation = YES;
				INFOPLIST_KEY_UISupportedInterfaceOrientations_iPad = "UIInterfaceOrientationPortrait UIInterfaceOrientationPortraitUpsideDown UIInterfaceOrientationLandscapeLeft UIInterfaceOrientationLandscapeRight";
				INFOPLIST_KEY_UISupportedInterfaceOrientations_iPhone = "UIInterfaceOrientationPortrait UIInterfaceOrientationLandscapeLeft UIInterfaceOrientationLandscapeRight";
				LD_RUNPATH_SEARCH_PATHS = (
					"$(inherited)",
					"@executable_path/Frameworks",
				);
				MARKETING_VERSION = 1.0;
				PRODUCT_BUNDLE_IDENTIFIER = com.vijaythakur.InstaReelsUI;
				PRODUCT_NAME = "$(TARGET_NAME)";
				SWIFT_EMIT_LOC_STRINGS = YES;
				SWIFT_VERSION = 5.0;
				TARGETED_DEVICE_FAMILY = "1,2";
			};
			name = Debug;
		};
		EABECCD82AC8B39900ECD0C4 /* Release */ = {
			isa = XCBuildConfiguration;
			buildSettings = {
				ASSETCATALOG_COMPILER_APPICON_NAME = AppIcon;
				ASSETCATALOG_COMPILER_GLOBAL_ACCENT_COLOR_NAME = AccentColor;
				CODE_SIGN_STYLE = Automatic;
				CURRENT_PROJECT_VERSION = 1;
				DEVELOPMENT_ASSET_PATHS = "\"InstaReelsUI/Preview Content\"";
				ENABLE_PREVIEWS = YES;
				GENERATE_INFOPLIST_FILE = YES;
				INFOPLIST_KEY_UIApplicationSceneManifest_Generation = YES;
				INFOPLIST_KEY_UIApplicationSupportsIndirectInputEvents = YES;
				INFOPLIST_KEY_UILaunchScreen_Generation = YES;
				INFOPLIST_KEY_UISupportedInterfaceOrientations_iPad = "UIInterfaceOrientationPortrait UIInterfaceOrientationPortraitUpsideDown UIInterfaceOrientationLandscapeLeft UIInterfaceOrientationLandscapeRight";
				INFOPLIST_KEY_UISupportedInterfaceOrientations_iPhone = "UIInterfaceOrientationPortrait UIInterfaceOrientationLandscapeLeft UIInterfaceOrientationLandscapeRight";
				LD_RUNPATH_SEARCH_PATHS = (
					"$(inherited)",
					"@executable_path/Frameworks",
				);
				MARKETING_VERSION = 1.0;
				PRODUCT_BUNDLE_IDENTIFIER = com.vijaythakur.InstaReelsUI;
				PRODUCT_NAME = "$(TARGET_NAME)";
				SWIFT_EMIT_LOC_STRINGS = YES;
				SWIFT_VERSION = 5.0;
				TARGETED_DEVICE_FAMILY = "1,2";
			};
			name = Release;
		};
/* End XCBuildConfiguration section */

/* Begin XCConfigurationList section */
		EABECCC32AC8B39700ECD0C4 /* Build configuration list for PBXProject "InstaReelsUI" */ = {
			isa = XCConfigurationList;
			buildConfigurations = (
				EABECCD42AC8B39900ECD0C4 /* Debug */,
				EABECCD52AC8B39900ECD0C4 /* Release */,
			);
			defaultConfigurationIsVisible = 0;
			defaultConfigurationName = Release;
		};
		EABECCD62AC8B39900ECD0C4 /* Build configuration list for PBXNativeTarget "InstaReelsUI" */ = {
			isa = XCConfigurationList;
			buildConfigurations = (
				EABECCD72AC8B39900ECD0C4 /* Debug */,
				EABECCD82AC8B39900ECD0C4 /* Release */,
			);
			defaultConfigurationIsVisible = 0;
			defaultConfigurationName = Release;
		};
/* End XCConfigurationList section */
	};
	rootObject = EABECCC02AC8B39700ECD0C4 /* Project object */;
}
