// !$*UTF8*$!
{
	archiveVersion = 1;
	classes = {
	};
	objectVersion = 56;
	objects = {

/* Begin PBXBuildFile section */
		EAEA42B42B259B6E008E94A2 /* PopToRootApp.swift in Sources */ = {isa = PBXBuildFile; fileRef = EAEA42B32B259B6E008E94A2 /* PopToRootApp.swift */; };
		EAEA42B62B259B6E008E94A2 /* ContentView.swift in Sources */ = {isa = PBXBuildFile; fileRef = EAEA42B52B259B6E008E94A2 /* ContentView.swift */; };
		EAEA42B82B259B70008E94A2 /* Assets.xcassets in Resources */ = {isa = PBXBuildFile; fileRef = EAEA42B72B259B70008E94A2 /* Assets.xcassets */; };
		EAEA42BB2B259B70008E94A2 /* Preview Assets.xcassets in Resources */ = {isa = PBXBuildFile; fileRef = EAEA42BA2B259B70008E94A2 /* Preview Assets.xcassets */; };
		EAEA42C32B259B87008E94A2 /* FirstView.swift in Sources */ = {isa = PBXBuildFile; fileRef = EAEA42C22B259B87008E94A2 /* FirstView.swift */; };
		EAEA42C52B259B8F008E94A2 /* SecondView.swift in Sources */ = {isa = PBXBuildFile; fileRef = EAEA42C42B259B8F008E94A2 /* SecondView.swift */; };
		EAEA42C72B259B95008E94A2 /* ThirdView.swift in Sources */ = {isa = PBXBuildFile; fileRef = EAEA42C62B259B95008E94A2 /* ThirdView.swift */; };
		EAEA42C92B259BE6008E94A2 /* SplashView.swift in Sources */ = {isa = PBXBuildFile; fileRef = EAEA42C82B259BE6008E94A2 /* SplashView.swift */; };
		EAEA42CB2B259DE0008E94A2 /* RootController.swift in Sources */ = {isa = PBXBuildFile; fileRef = EAEA42CA2B259DE0008E94A2 /* RootController.swift */; };
		EAEA42CD2B259E8F008E94A2 /* LoginView.swift in Sources */ = {isa = PBXBuildFile; fileRef = EAEA42CC2B259E8F008E94A2 /* LoginView.swift */; };
/* End PBXBuildFile section */

/* Begin PBXFileReference section */
		EAEA42B02B259B6E008E94A2 /* PopToRoot.app */ = {isa = PBXFileReference; explicitFileType = wrapper.application; includeInIndex = 0; path = PopToRoot.app; sourceTree = BUILT_PRODUCTS_DIR; };
		EAEA42B32B259B6E008E94A2 /* PopToRootApp.swift */ = {isa = PBXFileReference; lastKnownFileType = sourcecode.swift; path = PopToRootApp.swift; sourceTree = "<group>"; };
		EAEA42B52B259B6E008E94A2 /* ContentView.swift */ = {isa = PBXFileReference; lastKnownFileType = sourcecode.swift; path = ContentView.swift; sourceTree = "<group>"; };
		EAEA42B72B259B70008E94A2 /* Assets.xcassets */ = {isa = PBXFileReference; lastKnownFileType = folder.assetcatalog; path = Assets.xcassets; sourceTree = "<group>"; };
		EAEA42BA2B259B70008E94A2 /* Preview Assets.xcassets */ = {isa = PBXFileReference; lastKnownFileType = folder.assetcatalog; path = "Preview Assets.xcassets"; sourceTree = "<group>"; };
		EAEA42C22B259B87008E94A2 /* FirstView.swift */ = {isa = PBXFileReference; lastKnownFileType = sourcecode.swift; path = FirstView.swift; sourceTree = "<group>"; };
		EAEA42C42B259B8F008E94A2 /* SecondView.swift */ = {isa = PBXFileReference; lastKnownFileType = sourcecode.swift; path = SecondView.swift; sourceTree = "<group>"; };
		EAEA42C62B259B95008E94A2 /* ThirdView.swift */ = {isa = PBXFileReference; lastKnownFileType = sourcecode.swift; path = ThirdView.swift; sourceTree = "<group>"; };
		EAEA42C82B259BE6008E94A2 /* SplashView.swift */ = {isa = PBXFileReference; lastKnownFileType = sourcecode.swift; path = SplashView.swift; sourceTree = "<group>"; };
		EAEA42CA2B259DE0008E94A2 /* RootController.swift */ = {isa = PBXFileReference; lastKnownFileType = sourcecode.swift; path = RootController.swift; sourceTree = "<group>"; };
		EAEA42CC2B259E8F008E94A2 /* LoginView.swift */ = {isa = PBXFileReference; lastKnownFileType = sourcecode.swift; path = LoginView.swift; sourceTree = "<group>"; };
/* End PBXFileReference section */

/* Begin PBXFrameworksBuildPhase section */
		EAEA42AD2B259B6E008E94A2 /* Frameworks */ = {
			isa = PBXFrameworksBuildPhase;
			buildActionMask = 2147483647;
			files = (
			);
			runOnlyForDeploymentPostprocessing = 0;
		};
/* End PBXFrameworksBuildPhase section */

/* Begin PBXGroup section */
		EAEA42A72B259B6E008E94A2 = {
			isa = PBXGroup;
			children = (
				EAEA42B22B259B6E008E94A2 /* PopToRoot */,
				EAEA42B12B259B6E008E94A2 /* Products */,
			);
			sourceTree = "<group>";
		};
		EAEA42B12B259B6E008E94A2 /* Products */ = {
			isa = PBXGroup;
			children = (
				EAEA42B02B259B6E008E94A2 /* PopToRoot.app */,
			);
			name = Products;
			sourceTree = "<group>";
		};
		EAEA42B22B259B6E008E94A2 /* PopToRoot */ = {
			isa = PBXGroup;
			children = (
				EAEA42C12B259B7D008E94A2 /* View */,
				EAEA42B32B259B6E008E94A2 /* PopToRootApp.swift */,
				EAEA42B52B259B6E008E94A2 /* ContentView.swift */,
				EAEA42B72B259B70008E94A2 /* Assets.xcassets */,
				EAEA42B92B259B70008E94A2 /* Preview Content */,
			);
			path = PopToRoot;
			sourceTree = "<group>";
		};
		EAEA42B92B259B70008E94A2 /* Preview Content */ = {
			isa = PBXGroup;
			children = (
				EAEA42BA2B259B70008E94A2 /* Preview Assets.xcassets */,
			);
			path = "Preview Content";
			sourceTree = "<group>";
		};
		EAEA42C12B259B7D008E94A2 /* View */ = {
			isa = PBXGroup;
			children = (
				EAEA42C22B259B87008E94A2 /* FirstView.swift */,
				EAEA42C42B259B8F008E94A2 /* SecondView.swift */,
				EAEA42C62B259B95008E94A2 /* ThirdView.swift */,
				EAEA42C82B259BE6008E94A2 /* SplashView.swift */,
				EAEA42CA2B259DE0008E94A2 /* RootController.swift */,
				EAEA42CC2B259E8F008E94A2 /* LoginView.swift */,
			);
			path = View;
			sourceTree = "<group>";
		};
/* End PBXGroup section */

/* Begin PBXNativeTarget section */
		EAEA42AF2B259B6E008E94A2 /* PopToRoot */ = {
			isa = PBXNativeTarget;
			buildConfigurationList = EAEA42BE2B259B70008E94A2 /* Build configuration list for PBXNativeTarget "PopToRoot" */;
			buildPhases = (
				EAEA42AC2B259B6E008E94A2 /* Sources */,
				EAEA42AD2B259B6E008E94A2 /* Frameworks */,
				EAEA42AE2B259B6E008E94A2 /* Resources */,
			);
			buildRules = (
			);
			dependencies = (
			);
			name = PopToRoot;
			productName = PopToRoot;
			productReference = EAEA42B02B259B6E008E94A2 /* PopToRoot.app */;
			productType = "com.apple.product-type.application";
		};
/* End PBXNativeTarget section */

/* Begin PBXProject section */
		EAEA42A82B259B6E008E94A2 /* Project object */ = {
			isa = PBXProject;
			attributes = {
				BuildIndependentTargetsInParallel = 1;
				LastSwiftUpdateCheck = 1500;
				LastUpgradeCheck = 1500;
				TargetAttributes = {
					EAEA42AF2B259B6E008E94A2 = {
						CreatedOnToolsVersion = 15.0.1;
					};
				};
			};
			buildConfigurationList = EAEA42AB2B259B6E008E94A2 /* Build configuration list for PBXProject "PopToRoot" */;
			compatibilityVersion = "Xcode 14.0";
			developmentRegion = en;
			hasScannedForEncodings = 0;
			knownRegions = (
				en,
				Base,
			);
			mainGroup = EAEA42A72B259B6E008E94A2;
			productRefGroup = EAEA42B12B259B6E008E94A2 /* Products */;
			projectDirPath = "";
			projectRoot = "";
			targets = (
				EAEA42AF2B259B6E008E94A2 /* PopToRoot */,
			);
		};
/* End PBXProject section */

/* Begin PBXResourcesBuildPhase section */
		EAEA42AE2B259B6E008E94A2 /* Resources */ = {
			isa = PBXResourcesBuildPhase;
			buildActionMask = 2147483647;
			files = (
				EAEA42BB2B259B70008E94A2 /* Preview Assets.xcassets in Resources */,
				EAEA42B82B259B70008E94A2 /* Assets.xcassets in Resources */,
			);
			runOnlyForDeploymentPostprocessing = 0;
		};
/* End PBXResourcesBuildPhase section */

/* Begin PBXSourcesBuildPhase section */
		EAEA42AC2B259B6E008E94A2 /* Sources */ = {
			isa = PBXSourcesBuildPhase;
			buildActionMask = 2147483647;
			files = (
				EAEA42B62B259B6E008E94A2 /* ContentView.swift in Sources */,
				EAEA42C72B259B95008E94A2 /* ThirdView.swift in Sources */,
				EAEA42C32B259B87008E94A2 /* FirstView.swift in Sources */,
				EAEA42C52B259B8F008E94A2 /* SecondView.swift in Sources */,
				EAEA42B42B259B6E008E94A2 /* PopToRootApp.swift in Sources */,
				EAEA42CB2B259DE0008E94A2 /* RootController.swift in Sources */,
				EAEA42CD2B259E8F008E94A2 /* LoginView.swift in Sources */,
				EAEA42C92B259BE6008E94A2 /* SplashView.swift in Sources */,
			);
			runOnlyForDeploymentPostprocessing = 0;
		};
/* End PBXSourcesBuildPhase section */

/* Begin XCBuildConfiguration section */
		EAEA42BC2B259B70008E94A2 /* Debug */ = {
			isa = XCBuildConfiguration;
			buildSettings = {
				ALWAYS_SEARCH_USER_PATHS = NO;
				ASSETCATALOG_COMPILER_GENERATE_SWIFT_ASSET_SYMBOL_EXTENSIONS = YES;
				CLANG_ANALYZER_NONNULL = YES;
				CLANG_ANALYZER_NUMBER_OBJECT_CONVERSION = YES_AGGRESSIVE;
				CLANG_CXX_LANGUAGE_STANDARD = "gnu++20";
				CLANG_ENABLE_MODULES = YES;
				CLANG_ENABLE_OBJC_ARC = YES;
				CLANG_ENABLE_OBJC_WEAK = YES;
				CLANG_WARN_BLOCK_CAPTURE_AUTORELEASING = YES;
				CLANG_WARN_BOOL_CONVERSION = YES;
				CLANG_WARN_COMMA = YES;
				CLANG_WARN_CONSTANT_CONVERSION = YES;
				CLANG_WARN_DEPRECATED_OBJC_IMPLEMENTATIONS = YES;
				CLANG_WARN_DIRECT_OBJC_ISA_USAGE = YES_ERROR;
				CLANG_WARN_DOCUMENTATION_COMMENTS = YES;
				CLANG_WARN_EMPTY_BODY = YES;
				CLANG_WARN_ENUM_CONVERSION = YES;
				CLANG_WARN_INFINITE_RECURSION = YES;
				CLANG_WARN_INT_CONVERSION = YES;
				CLANG_WARN_NON_LITERAL_NULL_CONVERSION = YES;
				CLANG_WARN_OBJC_IMPLICIT_RETAIN_SELF = YES;
				CLANG_WARN_OBJC_LITERAL_CONVERSION = YES;
				CLANG_WARN_OBJC_ROOT_CLASS = YES_ERROR;
				CLANG_WARN_QUOTED_INCLUDE_IN_FRAMEWORK_HEADER = YES;
				CLANG_WARN_RANGE_LOOP_ANALYSIS = YES;
				CLANG_WARN_STRICT_PROTOTYPES = YES;
				CLANG_WARN_SUSPICIOUS_MOVE = YES;
				CLANG_WARN_UNGUARDED_AVAILABILITY = YES_AGGRESSIVE;
				CLANG_WARN_UNREACHABLE_CODE = YES;
				CLANG_WARN__DUPLICATE_METHOD_MATCH = YES;
				COPY_PHASE_STRIP = NO;
				DEBUG_INFORMATION_FORMAT = dwarf;
				ENABLE_STRICT_OBJC_MSGSEND = YES;
				ENABLE_TESTABILITY = YES;
				ENABLE_USER_SCRIPT_SANDBOXING = YES;
				GCC_C_LANGUAGE_STANDARD = gnu17;
				GCC_DYNAMIC_NO_PIC = NO;
				GCC_NO_COMMON_BLOCKS = YES;
				GCC_OPTIMIZATION_LEVEL = 0;
				GCC_PREPROCESSOR_DEFINITIONS = (
					"DEBUG=1",
					"$(inherited)",
				);
				GCC_WARN_64_TO_32_BIT_CONVERSION = YES;
				GCC_WARN_ABOUT_RETURN_TYPE = YES_ERROR;
				GCC_WARN_UNDECLARED_SELECTOR = YES;
				GCC_WARN_UNINITIALIZED_AUTOS = YES_AGGRESSIVE;
				GCC_WARN_UNUSED_FUNCTION = YES;
				GCC_WARN_UNUSED_VARIABLE = YES;
				IPHONEOS_DEPLOYMENT_TARGET = 17.0;
				LOCALIZATION_PREFERS_STRING_CATALOGS = YES;
				MTL_ENABLE_DEBUG_INFO = INCLUDE_SOURCE;
				MTL_FAST_MATH = YES;
				ONLY_ACTIVE_ARCH = YES;
				SDKROOT = iphoneos;
				SWIFT_ACTIVE_COMPILATION_CONDITIONS = "DEBUG $(inherited)";
				SWIFT_OPTIMIZATION_LEVEL = "-Onone";
			};
			name = Debug;
		};
		EAEA42BD2B259B70008E94A2 /* Release */ = {
			isa = XCBuildConfiguration;
			buildSettings = {
				ALWAYS_SEARCH_USER_PATHS = NO;
				ASSETCATALOG_COMPILER_GENERATE_SWIFT_ASSET_SYMBOL_EXTENSIONS = YES;
				CLANG_ANALYZER_NONNULL = YES;
				CLANG_ANALYZER_NUMBER_OBJECT_CONVERSION = YES_AGGRESSIVE;
				CLANG_CXX_LANGUAGE_STANDARD = "gnu++20";
				CLANG_ENABLE_MODULES = YES;
				CLANG_ENABLE_OBJC_ARC = YES;
				CLANG_ENABLE_OBJC_WEAK = YES;
				CLANG_WARN_BLOCK_CAPTURE_AUTORELEASING = YES;
				CLANG_WARN_BOOL_CONVERSION = YES;
				CLANG_WARN_COMMA = YES;
				CLANG_WARN_CONSTANT_CONVERSION = YES;
				CLANG_WARN_DEPRECATED_OBJC_IMPLEMENTATIONS = YES;
				CLANG_WARN_DIRECT_OBJC_ISA_USAGE = YES_ERROR;
				CLANG_WARN_DOCUMENTATION_COMMENTS = YES;
				CLANG_WARN_EMPTY_BODY = YES;
				CLANG_WARN_ENUM_CONVERSION = YES;
				CLANG_WARN_INFINITE_RECURSION = YES;
				CLANG_WARN_INT_CONVERSION = YES;
				CLANG_WARN_NON_LITERAL_NULL_CONVERSION = YES;
				CLANG_WARN_OBJC_IMPLICIT_RETAIN_SELF = YES;
				CLANG_WARN_OBJC_LITERAL_CONVERSION = YES;
				CLANG_WARN_OBJC_ROOT_CLASS = YES_ERROR;
				CLANG_WARN_QUOTED_INCLUDE_IN_FRAMEWORK_HEADER = YES;
				CLANG_WARN_RANGE_LOOP_ANALYSIS = YES;
				CLANG_WARN_STRICT_PROTOTYPES = YES;
				CLANG_WARN_SUSPICIOUS_MOVE = YES;
				CLANG_WARN_UNGUARDED_AVAILABILITY = YES_AGGRESSIVE;
				CLANG_WARN_UNREACHABLE_CODE = YES;
				CLANG_WARN__DUPLICATE_METHOD_MATCH = YES;
				COPY_PHASE_STRIP = NO;
				DEBUG_INFORMATION_FORMAT = "dwarf-with-dsym";
				ENABLE_NS_ASSERTIONS = NO;
				ENABLE_STRICT_OBJC_MSGSEND = YES;
				ENABLE_USER_SCRIPT_SANDBOXING = YES;
				GCC_C_LANGUAGE_STANDARD = gnu17;
				GCC_NO_COMMON_BLOCKS = YES;
				GCC_WARN_64_TO_32_BIT_CONVERSION = YES;
				GCC_WARN_ABOUT_RETURN_TYPE = YES_ERROR;
				GCC_WARN_UNDECLARED_SELECTOR = YES;
				GCC_WARN_UNINITIALIZED_AUTOS = YES_AGGRESSIVE;
				GCC_WARN_UNUSED_FUNCTION = YES;
				GCC_WARN_UNUSED_VARIABLE = YES;
				IPHONEOS_DEPLOYMENT_TARGET = 17.0;
				LOCALIZATION_PREFERS_STRING_CATALOGS = YES;
				MTL_ENABLE_DEBUG_INFO = NO;
				MTL_FAST_MATH = YES;
				SDKROOT = iphoneos;
				SWIFT_COMPILATION_MODE = wholemodule;
				VALIDATE_PRODUCT = YES;
			};
			name = Release;
		};
		EAEA42BF2B259B70008E94A2 /* Debug */ = {
			isa = XCBuildConfiguration;
			buildSettings = {
				ASSETCATALOG_COMPILER_APPICON_NAME = AppIcon;
				ASSETCATALOG_COMPILER_GLOBAL_ACCENT_COLOR_NAME = AccentColor;
				CODE_SIGN_STYLE = Automatic;
				CURRENT_PROJECT_VERSION = 1;
				DEVELOPMENT_ASSET_PATHS = "\"PopToRoot/Preview Content\"";
				ENABLE_PREVIEWS = YES;
				GENERATE_INFOPLIST_FILE = YES;
				INFOPLIST_KEY_UIApplicationSceneManifest_Generation = YES;
				INFOPLIST_KEY_UIApplicationSupportsIndirectInputEvents = YES;
				INFOPLIST_KEY_UILaunchScreen_Generation = YES;
				INFOPLIST_KEY_UISupportedInterfaceOrientations_iPad = "UIInterfaceOrientationPortrait UIInterfaceOrientationPortraitUpsideDown UIInterfaceOrientationLandscapeLeft UIInterfaceOrientationLandscapeRight";
				INFOPLIST_KEY_UISupportedInterfaceOrientations_iPhone = "UIInterfaceOrientationPortrait UIInterfaceOrientationLandscapeLeft UIInterfaceOrientationLandscapeRight";
				LD_RUNPATH_SEARCH_PATHS = (
					"$(inherited)",
					"@executable_path/Frameworks",
				);
				MARKETING_VERSION = 1.0;
				PRODUCT_BUNDLE_IDENTIFIER = com.vijaythakur.PopToRoot;
				PRODUCT_NAME = "$(TARGET_NAME)";
				SWIFT_EMIT_LOC_STRINGS = YES;
				SWIFT_VERSION = 5.0;
				TARGETED_DEVICE_FAMILY = "1,2";
			};
			name = Debug;
		};
		EAEA42C02B259B70008E94A2 /* Release */ = {
			isa = XCBuildConfiguration;
			buildSettings = {
				ASSETCATALOG_COMPILER_APPICON_NAME = AppIcon;
				ASSETCATALOG_COMPILER_GLOBAL_ACCENT_COLOR_NAME = AccentColor;
				CODE_SIGN_STYLE = Automatic;
				CURRENT_PROJECT_VERSION = 1;
				DEVELOPMENT_ASSET_PATHS = "\"PopToRoot/Preview Content\"";
				ENABLE_PREVIEWS = YES;
				GENERATE_INFOPLIST_FILE = YES;
				INFOPLIST_KEY_UIApplicationSceneManifest_Generation = YES;
				INFOPLIST_KEY_UIApplicationSupportsIndirectInputEvents = YES;
				INFOPLIST_KEY_UILaunchScreen_Generation = YES;
				INFOPLIST_KEY_UISupportedInterfaceOrientations_iPad = "UIInterfaceOrientationPortrait UIInterfaceOrientationPortraitUpsideDown UIInterfaceOrientationLandscapeLeft UIInterfaceOrientationLandscapeRight";
				INFOPLIST_KEY_UISupportedInterfaceOrientations_iPhone = "UIInterfaceOrientationPortrait UIInterfaceOrientationLandscapeLeft UIInterfaceOrientationLandscapeRight";
				LD_RUNPATH_SEARCH_PATHS = (
					"$(inherited)",
					"@executable_path/Frameworks",
				);
				MARKETING_VERSION = 1.0;
				PRODUCT_BUNDLE_IDENTIFIER = com.vijaythakur.PopToRoot;
				PRODUCT_NAME = "$(TARGET_NAME)";
				SWIFT_EMIT_LOC_STRINGS = YES;
				SWIFT_VERSION = 5.0;
				TARGETED_DEVICE_FAMILY = "1,2";
			};
			name = Release;
		};
/* End XCBuildConfiguration section */

/* Begin XCConfigurationList section */
		EAEA42AB2B259B6E008E94A2 /* Build configuration list for PBXProject "PopToRoot" */ = {
			isa = XCConfigurationList;
			buildConfigurations = (
				EAEA42BC2B259B70008E94A2 /* Debug */,
				EAEA42BD2B259B70008E94A2 /* Release */,
			);
			defaultConfigurationIsVisible = 0;
			defaultConfigurationName = Release;
		};
		EAEA42BE2B259B70008E94A2 /* Build configuration list for PBXNativeTarget "PopToRoot" */ = {
			isa = XCConfigurationList;
			buildConfigurations = (
				EAEA42BF2B259B70008E94A2 /* Debug */,
				EAEA42C02B259B70008E94A2 /* Release */,
			);
			defaultConfigurationIsVisible = 0;
			defaultConfigurationName = Release;
		};
/* End XCConfigurationList section */
	};
	rootObject = EAEA42A82B259B6E008E94A2 /* Project object */;
}
