// !$*UTF8*$!
{
	archiveVersion = 1;
	classes = {
	};
	objectVersion = 56;
	objects = {

/* Begin PBXBuildFile section */
		EA6B625C2B08A894006C09B3 /* NewReelsLayout17App.swift in Sources */ = {isa = PBXBuildFile; fileRef = EA6B625B2B08A894006C09B3 /* NewReelsLayout17App.swift */; };
		EA6B625E2B08A894006C09B3 /* ContentView.swift in Sources */ = {isa = PBXBuildFile; fileRef = EA6B625D2B08A894006C09B3 /* ContentView.swift */; };
		EA6B62602B08A896006C09B3 /* Assets.xcassets in Resources */ = {isa = PBXBuildFile; fileRef = EA6B625F2B08A896006C09B3 /* Assets.xcassets */; };
		EA6B62632B08A896006C09B3 /* Preview Assets.xcassets in Resources */ = {isa = PBXBuildFile; fileRef = EA6B62622B08A896006C09B3 /* Preview Assets.xcassets */; };
		EA6B626F2B08A8F4006C09B3 /* Reel4.mp4 in Resources */ = {isa = PBXBuildFile; fileRef = EA6B626A2B08A8F4006C09B3 /* Reel4.mp4 */; };
		EA6B62702B08A8F4006C09B3 /* Reel2.mp4 in Resources */ = {isa = PBXBuildFile; fileRef = EA6B626B2B08A8F4006C09B3 /* Reel2.mp4 */; };
		EA6B62712B08A8F4006C09B3 /* Reel1.mp4 in Resources */ = {isa = PBXBuildFile; fileRef = EA6B626C2B08A8F4006C09B3 /* Reel1.mp4 */; };
		EA6B62722B08A8F4006C09B3 /* Reel3.mp4 in Resources */ = {isa = PBXBuildFile; fileRef = EA6B626D2B08A8F4006C09B3 /* Reel3.mp4 */; };
		EA6B62732B08A8F4006C09B3 /* Reel5.mp4 in Resources */ = {isa = PBXBuildFile; fileRef = EA6B626E2B08A8F4006C09B3 /* Reel5.mp4 */; };
		EA6B62772B08A910006C09B3 /* Reel.swift in Sources */ = {isa = PBXBuildFile; fileRef = EA6B62762B08A910006C09B3 /* Reel.swift */; };
		EA6B62792B08A992006C09B3 /* Like.swift in Sources */ = {isa = PBXBuildFile; fileRef = EA6B62782B08A992006C09B3 /* Like.swift */; };
		EA6B627B2B08A9D1006C09B3 /* Home.swift in Sources */ = {isa = PBXBuildFile; fileRef = EA6B627A2B08A9D1006C09B3 /* Home.swift */; };
		EA6B627D2B08AC9F006C09B3 /* ReelView.swift in Sources */ = {isa = PBXBuildFile; fileRef = EA6B627C2B08AC9F006C09B3 /* ReelView.swift */; };
		EA6B627F2B08ACCF006C09B3 /* CustomVideoPlayer.swift in Sources */ = {isa = PBXBuildFile; fileRef = EA6B627E2B08ACCF006C09B3 /* CustomVideoPlayer.swift */; };
/* End PBXBuildFile section */

/* Begin PBXFileReference section */
		EA6B62582B08A894006C09B3 /* NewReelsLayout17.app */ = {isa = PBXFileReference; explicitFileType = wrapper.application; includeInIndex = 0; path = NewReelsLayout17.app; sourceTree = BUILT_PRODUCTS_DIR; };
		EA6B625B2B08A894006C09B3 /* NewReelsLayout17App.swift */ = {isa = PBXFileReference; lastKnownFileType = sourcecode.swift; path = NewReelsLayout17App.swift; sourceTree = "<group>"; };
		EA6B625D2B08A894006C09B3 /* ContentView.swift */ = {isa = PBXFileReference; lastKnownFileType = sourcecode.swift; path = ContentView.swift; sourceTree = "<group>"; };
		EA6B625F2B08A896006C09B3 /* Assets.xcassets */ = {isa = PBXFileReference; lastKnownFileType = folder.assetcatalog; path = Assets.xcassets; sourceTree = "<group>"; };
		EA6B62622B08A896006C09B3 /* Preview Assets.xcassets */ = {isa = PBXFileReference; lastKnownFileType = folder.assetcatalog; path = "Preview Assets.xcassets"; sourceTree = "<group>"; };
		EA6B626A2B08A8F4006C09B3 /* Reel4.mp4 */ = {isa = PBXFileReference; lastKnownFileType = file; path = Reel4.mp4; sourceTree = "<group>"; };
		EA6B626B2B08A8F4006C09B3 /* Reel2.mp4 */ = {isa = PBXFileReference; lastKnownFileType = file; path = Reel2.mp4; sourceTree = "<group>"; };
		EA6B626C2B08A8F4006C09B3 /* Reel1.mp4 */ = {isa = PBXFileReference; lastKnownFileType = file; path = Reel1.mp4; sourceTree = "<group>"; };
		EA6B626D2B08A8F4006C09B3 /* Reel3.mp4 */ = {isa = PBXFileReference; lastKnownFileType = file; path = Reel3.mp4; sourceTree = "<group>"; };
		EA6B626E2B08A8F4006C09B3 /* Reel5.mp4 */ = {isa = PBXFileReference; lastKnownFileType = file; path = Reel5.mp4; sourceTree = "<group>"; };
		EA6B62762B08A910006C09B3 /* Reel.swift */ = {isa = PBXFileReference; lastKnownFileType = sourcecode.swift; path = Reel.swift; sourceTree = "<group>"; };
		EA6B62782B08A992006C09B3 /* Like.swift */ = {isa = PBXFileReference; lastKnownFileType = sourcecode.swift; path = Like.swift; sourceTree = "<group>"; };
		EA6B627A2B08A9D1006C09B3 /* Home.swift */ = {isa = PBXFileReference; lastKnownFileType = sourcecode.swift; path = Home.swift; sourceTree = "<group>"; };
		EA6B627C2B08AC9F006C09B3 /* ReelView.swift */ = {isa = PBXFileReference; lastKnownFileType = sourcecode.swift; path = ReelView.swift; sourceTree = "<group>"; };
		EA6B627E2B08ACCF006C09B3 /* CustomVideoPlayer.swift */ = {isa = PBXFileReference; lastKnownFileType = sourcecode.swift; path = CustomVideoPlayer.swift; sourceTree = "<group>"; };
/* End PBXFileReference section */

/* Begin PBXFrameworksBuildPhase section */
		EA6B62552B08A894006C09B3 /* Frameworks */ = {
			isa = PBXFrameworksBuildPhase;
			buildActionMask = 2147483647;
			files = (
			);
			runOnlyForDeploymentPostprocessing = 0;
		};
/* End PBXFrameworksBuildPhase section */

/* Begin PBXGroup section */
		EA6B624F2B08A894006C09B3 = {
			isa = PBXGroup;
			children = (
				EA6B625A2B08A894006C09B3 /* NewReelsLayout17 */,
				EA6B62592B08A894006C09B3 /* Products */,
			);
			sourceTree = "<group>";
		};
		EA6B62592B08A894006C09B3 /* Products */ = {
			isa = PBXGroup;
			children = (
				EA6B62582B08A894006C09B3 /* NewReelsLayout17.app */,
			);
			name = Products;
			sourceTree = "<group>";
		};
		EA6B625A2B08A894006C09B3 /* NewReelsLayout17 */ = {
			isa = PBXGroup;
			children = (
				EA6B62752B08A902006C09B3 /* Model */,
				EA6B62742B08A8FF006C09B3 /* View */,
				EA6B62692B08A8D9006C09B3 /* Videos */,
				EA6B625B2B08A894006C09B3 /* NewReelsLayout17App.swift */,
				EA6B625D2B08A894006C09B3 /* ContentView.swift */,
				EA6B625F2B08A896006C09B3 /* Assets.xcassets */,
				EA6B62612B08A896006C09B3 /* Preview Content */,
			);
			path = NewReelsLayout17;
			sourceTree = "<group>";
		};
		EA6B62612B08A896006C09B3 /* Preview Content */ = {
			isa = PBXGroup;
			children = (
				EA6B62622B08A896006C09B3 /* Preview Assets.xcassets */,
			);
			path = "Preview Content";
			sourceTree = "<group>";
		};
		EA6B62692B08A8D9006C09B3 /* Videos */ = {
			isa = PBXGroup;
			children = (
				EA6B626C2B08A8F4006C09B3 /* Reel1.mp4 */,
				EA6B626B2B08A8F4006C09B3 /* Reel2.mp4 */,
				EA6B626D2B08A8F4006C09B3 /* Reel3.mp4 */,
				EA6B626A2B08A8F4006C09B3 /* Reel4.mp4 */,
				EA6B626E2B08A8F4006C09B3 /* Reel5.mp4 */,
			);
			path = Videos;
			sourceTree = "<group>";
		};
		EA6B62742B08A8FF006C09B3 /* View */ = {
			isa = PBXGroup;
			children = (
				EA6B627A2B08A9D1006C09B3 /* Home.swift */,
				EA6B627C2B08AC9F006C09B3 /* ReelView.swift */,
				EA6B627E2B08ACCF006C09B3 /* CustomVideoPlayer.swift */,
			);
			path = View;
			sourceTree = "<group>";
		};
		EA6B62752B08A902006C09B3 /* Model */ = {
			isa = PBXGroup;
			children = (
				EA6B62762B08A910006C09B3 /* Reel.swift */,
				EA6B62782B08A992006C09B3 /* Like.swift */,
			);
			path = Model;
			sourceTree = "<group>";
		};
/* End PBXGroup section */

/* Begin PBXNativeTarget section */
		EA6B62572B08A894006C09B3 /* NewReelsLayout17 */ = {
			isa = PBXNativeTarget;
			buildConfigurationList = EA6B62662B08A896006C09B3 /* Build configuration list for PBXNativeTarget "NewReelsLayout17" */;
			buildPhases = (
				EA6B62542B08A894006C09B3 /* Sources */,
				EA6B62552B08A894006C09B3 /* Frameworks */,
				EA6B62562B08A894006C09B3 /* Resources */,
			);
			buildRules = (
			);
			dependencies = (
			);
			name = NewReelsLayout17;
			productName = NewReelsLayout17;
			productReference = EA6B62582B08A894006C09B3 /* NewReelsLayout17.app */;
			productType = "com.apple.product-type.application";
		};
/* End PBXNativeTarget section */

/* Begin PBXProject section */
		EA6B62502B08A894006C09B3 /* Project object */ = {
			isa = PBXProject;
			attributes = {
				BuildIndependentTargetsInParallel = 1;
				LastSwiftUpdateCheck = 1500;
				LastUpgradeCheck = 1500;
				TargetAttributes = {
					EA6B62572B08A894006C09B3 = {
						CreatedOnToolsVersion = 15.0.1;
					};
				};
			};
			buildConfigurationList = EA6B62532B08A894006C09B3 /* Build configuration list for PBXProject "NewReelsLayout17" */;
			compatibilityVersion = "Xcode 14.0";
			developmentRegion = en;
			hasScannedForEncodings = 0;
			knownRegions = (
				en,
				Base,
			);
			mainGroup = EA6B624F2B08A894006C09B3;
			productRefGroup = EA6B62592B08A894006C09B3 /* Products */;
			projectDirPath = "";
			projectRoot = "";
			targets = (
				EA6B62572B08A894006C09B3 /* NewReelsLayout17 */,
			);
		};
/* End PBXProject section */

/* Begin PBXResourcesBuildPhase section */
		EA6B62562B08A894006C09B3 /* Resources */ = {
			isa = PBXResourcesBuildPhase;
			buildActionMask = 2147483647;
			files = (
				EA6B62712B08A8F4006C09B3 /* Reel1.mp4 in Resources */,
				EA6B62632B08A896006C09B3 /* Preview Assets.xcassets in Resources */,
				EA6B62732B08A8F4006C09B3 /* Reel5.mp4 in Resources */,
				EA6B62602B08A896006C09B3 /* Assets.xcassets in Resources */,
				EA6B62702B08A8F4006C09B3 /* Reel2.mp4 in Resources */,
				EA6B626F2B08A8F4006C09B3 /* Reel4.mp4 in Resources */,
				EA6B62722B08A8F4006C09B3 /* Reel3.mp4 in Resources */,
			);
			runOnlyForDeploymentPostprocessing = 0;
		};
/* End PBXResourcesBuildPhase section */

/* Begin PBXSourcesBuildPhase section */
		EA6B62542B08A894006C09B3 /* Sources */ = {
			isa = PBXSourcesBuildPhase;
			buildActionMask = 2147483647;
			files = (
				EA6B627F2B08ACCF006C09B3 /* CustomVideoPlayer.swift in Sources */,
				EA6B627D2B08AC9F006C09B3 /* ReelView.swift in Sources */,
				EA6B625E2B08A894006C09B3 /* ContentView.swift in Sources */,
				EA6B62772B08A910006C09B3 /* Reel.swift in Sources */,
				EA6B627B2B08A9D1006C09B3 /* Home.swift in Sources */,
				EA6B62792B08A992006C09B3 /* Like.swift in Sources */,
				EA6B625C2B08A894006C09B3 /* NewReelsLayout17App.swift in Sources */,
			);
			runOnlyForDeploymentPostprocessing = 0;
		};
/* End PBXSourcesBuildPhase section */

/* Begin XCBuildConfiguration section */
		EA6B62642B08A896006C09B3 /* Debug */ = {
			isa = XCBuildConfiguration;
			buildSettings = {
				ALWAYS_SEARCH_USER_PATHS = NO;
				ASSETCATALOG_COMPILER_GENERATE_SWIFT_ASSET_SYMBOL_EXTENSIONS = YES;
				CLANG_ANALYZER_NONNULL = YES;
				CLANG_ANALYZER_NUMBER_OBJECT_CONVERSION = YES_AGGRESSIVE;
				CLANG_CXX_LANGUAGE_STANDARD = "gnu++20";
				CLANG_ENABLE_MODULES = YES;
				CLANG_ENABLE_OBJC_ARC = YES;
				CLANG_ENABLE_OBJC_WEAK = YES;
				CLANG_WARN_BLOCK_CAPTURE_AUTORELEASING = YES;
				CLANG_WARN_BOOL_CONVERSION = YES;
				CLANG_WARN_COMMA = YES;
				CLANG_WARN_CONSTANT_CONVERSION = YES;
				CLANG_WARN_DEPRECATED_OBJC_IMPLEMENTATIONS = YES;
				CLANG_WARN_DIRECT_OBJC_ISA_USAGE = YES_ERROR;
				CLANG_WARN_DOCUMENTATION_COMMENTS = YES;
				CLANG_WARN_EMPTY_BODY = YES;
				CLANG_WARN_ENUM_CONVERSION = YES;
				CLANG_WARN_INFINITE_RECURSION = YES;
				CLANG_WARN_INT_CONVERSION = YES;
				CLANG_WARN_NON_LITERAL_NULL_CONVERSION = YES;
				CLANG_WARN_OBJC_IMPLICIT_RETAIN_SELF = YES;
				CLANG_WARN_OBJC_LITERAL_CONVERSION = YES;
				CLANG_WARN_OBJC_ROOT_CLASS = YES_ERROR;
				CLANG_WARN_QUOTED_INCLUDE_IN_FRAMEWORK_HEADER = YES;
				CLANG_WARN_RANGE_LOOP_ANALYSIS = YES;
				CLANG_WARN_STRICT_PROTOTYPES = YES;
				CLANG_WARN_SUSPICIOUS_MOVE = YES;
				CLANG_WARN_UNGUARDED_AVAILABILITY = YES_AGGRESSIVE;
				CLANG_WARN_UNREACHABLE_CODE = YES;
				CLANG_WARN__DUPLICATE_METHOD_MATCH = YES;
				COPY_PHASE_STRIP = NO;
				DEBUG_INFORMATION_FORMAT = dwarf;
				ENABLE_STRICT_OBJC_MSGSEND = YES;
				ENABLE_TESTABILITY = YES;
				ENABLE_USER_SCRIPT_SANDBOXING = YES;
				GCC_C_LANGUAGE_STANDARD = gnu17;
				GCC_DYNAMIC_NO_PIC = NO;
				GCC_NO_COMMON_BLOCKS = YES;
				GCC_OPTIMIZATION_LEVEL = 0;
				GCC_PREPROCESSOR_DEFINITIONS = (
					"DEBUG=1",
					"$(inherited)",
				);
				GCC_WARN_64_TO_32_BIT_CONVERSION = YES;
				GCC_WARN_ABOUT_RETURN_TYPE = YES_ERROR;
				GCC_WARN_UNDECLARED_SELECTOR = YES;
				GCC_WARN_UNINITIALIZED_AUTOS = YES_AGGRESSIVE;
				GCC_WARN_UNUSED_FUNCTION = YES;
				GCC_WARN_UNUSED_VARIABLE = YES;
				IPHONEOS_DEPLOYMENT_TARGET = 17.0;
				LOCALIZATION_PREFERS_STRING_CATALOGS = YES;
				MTL_ENABLE_DEBUG_INFO = INCLUDE_SOURCE;
				MTL_FAST_MATH = YES;
				ONLY_ACTIVE_ARCH = YES;
				SDKROOT = iphoneos;
				SWIFT_ACTIVE_COMPILATION_CONDITIONS = "DEBUG $(inherited)";
				SWIFT_OPTIMIZATION_LEVEL = "-Onone";
			};
			name = Debug;
		};
		EA6B62652B08A896006C09B3 /* Release */ = {
			isa = XCBuildConfiguration;
			buildSettings = {
				ALWAYS_SEARCH_USER_PATHS = NO;
				ASSETCATALOG_COMPILER_GENERATE_SWIFT_ASSET_SYMBOL_EXTENSIONS = YES;
				CLANG_ANALYZER_NONNULL = YES;
				CLANG_ANALYZER_NUMBER_OBJECT_CONVERSION = YES_AGGRESSIVE;
				CLANG_CXX_LANGUAGE_STANDARD = "gnu++20";
				CLANG_ENABLE_MODULES = YES;
				CLANG_ENABLE_OBJC_ARC = YES;
				CLANG_ENABLE_OBJC_WEAK = YES;
				CLANG_WARN_BLOCK_CAPTURE_AUTORELEASING = YES;
				CLANG_WARN_BOOL_CONVERSION = YES;
				CLANG_WARN_COMMA = YES;
				CLANG_WARN_CONSTANT_CONVERSION = YES;
				CLANG_WARN_DEPRECATED_OBJC_IMPLEMENTATIONS = YES;
				CLANG_WARN_DIRECT_OBJC_ISA_USAGE = YES_ERROR;
				CLANG_WARN_DOCUMENTATION_COMMENTS = YES;
				CLANG_WARN_EMPTY_BODY = YES;
				CLANG_WARN_ENUM_CONVERSION = YES;
				CLANG_WARN_INFINITE_RECURSION = YES;
				CLANG_WARN_INT_CONVERSION = YES;
				CLANG_WARN_NON_LITERAL_NULL_CONVERSION = YES;
				CLANG_WARN_OBJC_IMPLICIT_RETAIN_SELF = YES;
				CLANG_WARN_OBJC_LITERAL_CONVERSION = YES;
				CLANG_WARN_OBJC_ROOT_CLASS = YES_ERROR;
				CLANG_WARN_QUOTED_INCLUDE_IN_FRAMEWORK_HEADER = YES;
				CLANG_WARN_RANGE_LOOP_ANALYSIS = YES;
				CLANG_WARN_STRICT_PROTOTYPES = YES;
				CLANG_WARN_SUSPICIOUS_MOVE = YES;
				CLANG_WARN_UNGUARDED_AVAILABILITY = YES_AGGRESSIVE;
				CLANG_WARN_UNREACHABLE_CODE = YES;
				CLANG_WARN__DUPLICATE_METHOD_MATCH = YES;
				COPY_PHASE_STRIP = NO;
				DEBUG_INFORMATION_FORMAT = "dwarf-with-dsym";
				ENABLE_NS_ASSERTIONS = NO;
				ENABLE_STRICT_OBJC_MSGSEND = YES;
				ENABLE_USER_SCRIPT_SANDBOXING = YES;
				GCC_C_LANGUAGE_STANDARD = gnu17;
				GCC_NO_COMMON_BLOCKS = YES;
				GCC_WARN_64_TO_32_BIT_CONVERSION = YES;
				GCC_WARN_ABOUT_RETURN_TYPE = YES_ERROR;
				GCC_WARN_UNDECLARED_SELECTOR = YES;
				GCC_WARN_UNINITIALIZED_AUTOS = YES_AGGRESSIVE;
				GCC_WARN_UNUSED_FUNCTION = YES;
				GCC_WARN_UNUSED_VARIABLE = YES;
				IPHONEOS_DEPLOYMENT_TARGET = 17.0;
				LOCALIZATION_PREFERS_STRING_CATALOGS = YES;
				MTL_ENABLE_DEBUG_INFO = NO;
				MTL_FAST_MATH = YES;
				SDKROOT = iphoneos;
				SWIFT_COMPILATION_MODE = wholemodule;
				VALIDATE_PRODUCT = YES;
			};
			name = Release;
		};
		EA6B62672B08A896006C09B3 /* Debug */ = {
			isa = XCBuildConfiguration;
			buildSettings = {
				ASSETCATALOG_COMPILER_APPICON_NAME = AppIcon;
				ASSETCATALOG_COMPILER_GLOBAL_ACCENT_COLOR_NAME = AccentColor;
				CODE_SIGN_STYLE = Automatic;
				CURRENT_PROJECT_VERSION = 1;
				DEVELOPMENT_ASSET_PATHS = "\"NewReelsLayout17/Preview Content\"";
				ENABLE_PREVIEWS = YES;
				GENERATE_INFOPLIST_FILE = YES;
				INFOPLIST_KEY_UIApplicationSceneManifest_Generation = YES;
				INFOPLIST_KEY_UIApplicationSupportsIndirectInputEvents = YES;
				INFOPLIST_KEY_UILaunchScreen_Generation = YES;
				INFOPLIST_KEY_UISupportedInterfaceOrientations_iPad = "UIInterfaceOrientationPortrait UIInterfaceOrientationPortraitUpsideDown UIInterfaceOrientationLandscapeLeft UIInterfaceOrientationLandscapeRight";
				INFOPLIST_KEY_UISupportedInterfaceOrientations_iPhone = "UIInterfaceOrientationPortrait UIInterfaceOrientationLandscapeLeft UIInterfaceOrientationLandscapeRight";
				LD_RUNPATH_SEARCH_PATHS = (
					"$(inherited)",
					"@executable_path/Frameworks",
				);
				MARKETING_VERSION = 1.0;
				PRODUCT_BUNDLE_IDENTIFIER = com.vijaythakur.NewReelsLayout17;
				PRODUCT_NAME = "$(TARGET_NAME)";
				SWIFT_EMIT_LOC_STRINGS = YES;
				SWIFT_VERSION = 5.0;
				TARGETED_DEVICE_FAMILY = "1,2";
			};
			name = Debug;
		};
		EA6B62682B08A896006C09B3 /* Release */ = {
			isa = XCBuildConfiguration;
			buildSettings = {
				ASSETCATALOG_COMPILER_APPICON_NAME = AppIcon;
				ASSETCATALOG_COMPILER_GLOBAL_ACCENT_COLOR_NAME = AccentColor;
				CODE_SIGN_STYLE = Automatic;
				CURRENT_PROJECT_VERSION = 1;
				DEVELOPMENT_ASSET_PATHS = "\"NewReelsLayout17/Preview Content\"";
				ENABLE_PREVIEWS = YES;
				GENERATE_INFOPLIST_FILE = YES;
				INFOPLIST_KEY_UIApplicationSceneManifest_Generation = YES;
				INFOPLIST_KEY_UIApplicationSupportsIndirectInputEvents = YES;
				INFOPLIST_KEY_UILaunchScreen_Generation = YES;
				INFOPLIST_KEY_UISupportedInterfaceOrientations_iPad = "UIInterfaceOrientationPortrait UIInterfaceOrientationPortraitUpsideDown UIInterfaceOrientationLandscapeLeft UIInterfaceOrientationLandscapeRight";
				INFOPLIST_KEY_UISupportedInterfaceOrientations_iPhone = "UIInterfaceOrientationPortrait UIInterfaceOrientationLandscapeLeft UIInterfaceOrientationLandscapeRight";
				LD_RUNPATH_SEARCH_PATHS = (
					"$(inherited)",
					"@executable_path/Frameworks",
				);
				MARKETING_VERSION = 1.0;
				PRODUCT_BUNDLE_IDENTIFIER = com.vijaythakur.NewReelsLayout17;
				PRODUCT_NAME = "$(TARGET_NAME)";
				SWIFT_EMIT_LOC_STRINGS = YES;
				SWIFT_VERSION = 5.0;
				TARGETED_DEVICE_FAMILY = "1,2";
			};
			name = Release;
		};
/* End XCBuildConfiguration section */

/* Begin XCConfigurationList section */
		EA6B62532B08A894006C09B3 /* Build configuration list for PBXProject "NewReelsLayout17" */ = {
			isa = XCConfigurationList;
			buildConfigurations = (
				EA6B62642B08A896006C09B3 /* Debug */,
				EA6B62652B08A896006C09B3 /* Release */,
			);
			defaultConfigurationIsVisible = 0;
			defaultConfigurationName = Release;
		};
		EA6B62662B08A896006C09B3 /* Build configuration list for PBXNativeTarget "NewReelsLayout17" */ = {
			isa = XCConfigurationList;
			buildConfigurations = (
				EA6B62672B08A896006C09B3 /* Debug */,
				EA6B62682B08A896006C09B3 /* Release */,
			);
			defaultConfigurationIsVisible = 0;
			defaultConfigurationName = Release;
		};
/* End XCConfigurationList section */
	};
	rootObject = EA6B62502B08A894006C09B3 /* Project object */;
}
