// !$*UTF8*$!
{
	archiveVersion = 1;
	classes = {
	};
	objectVersion = 56;
	objects = {

/* Begin PBXBuildFile section */
		EA25EA142BE6395B007A88C9 /* YoutubeApp.swift in Sources */ = {isa = PBXBuildFile; fileRef = EA25EA132BE6395B007A88C9 /* YoutubeApp.swift */; };
		EA25EA162BE6395B007A88C9 /* ContentView.swift in Sources */ = {isa = PBXBuildFile; fileRef = EA25EA152BE6395B007A88C9 /* ContentView.swift */; };
		EA25EA182BE6395D007A88C9 /* Assets.xcassets in Resources */ = {isa = PBXBuildFile; fileRef = EA25EA172BE6395D007A88C9 /* Assets.xcassets */; };
		EA25EA1B2BE6395D007A88C9 /* Preview Assets.xcassets in Resources */ = {isa = PBXBuildFile; fileRef = EA25EA1A2BE6395D007A88C9 /* Preview Assets.xcassets */; };
		EA25EA242BE6396F007A88C9 /* Tab.swift in Sources */ = {isa = PBXBuildFile; fileRef = EA25EA232BE6396F007A88C9 /* Tab.swift */; };
		EA25EA262BE639EA007A88C9 /* Home.swift in Sources */ = {isa = PBXBuildFile; fileRef = EA25EA252BE639EA007A88C9 /* Home.swift */; };
		EA25EA282BE644B6007A88C9 /* PlayerItem.swift in Sources */ = {isa = PBXBuildFile; fileRef = EA25EA272BE644B6007A88C9 /* PlayerItem.swift */; };
		EA25EA2A2BE6487C007A88C9 /* PlayerConfig.swift in Sources */ = {isa = PBXBuildFile; fileRef = EA25EA292BE6487C007A88C9 /* PlayerConfig.swift */; };
		EA25EA2C2BE64DB2007A88C9 /* MiniPlayerView.swift in Sources */ = {isa = PBXBuildFile; fileRef = EA25EA2B2BE64DB2007A88C9 /* MiniPlayerView.swift */; };
/* End PBXBuildFile section */

/* Begin PBXFileReference section */
		EA25EA102BE6395B007A88C9 /* Youtube.app */ = {isa = PBXFileReference; explicitFileType = wrapper.application; includeInIndex = 0; path = Youtube.app; sourceTree = BUILT_PRODUCTS_DIR; };
		EA25EA132BE6395B007A88C9 /* YoutubeApp.swift */ = {isa = PBXFileReference; lastKnownFileType = sourcecode.swift; path = YoutubeApp.swift; sourceTree = "<group>"; };
		EA25EA152BE6395B007A88C9 /* ContentView.swift */ = {isa = PBXFileReference; lastKnownFileType = sourcecode.swift; path = ContentView.swift; sourceTree = "<group>"; };
		EA25EA172BE6395D007A88C9 /* Assets.xcassets */ = {isa = PBXFileReference; lastKnownFileType = folder.assetcatalog; path = Assets.xcassets; sourceTree = "<group>"; };
		EA25EA1A2BE6395D007A88C9 /* Preview Assets.xcassets */ = {isa = PBXFileReference; lastKnownFileType = folder.assetcatalog; path = "Preview Assets.xcassets"; sourceTree = "<group>"; };
		EA25EA232BE6396F007A88C9 /* Tab.swift */ = {isa = PBXFileReference; lastKnownFileType = sourcecode.swift; path = Tab.swift; sourceTree = "<group>"; };
		EA25EA252BE639EA007A88C9 /* Home.swift */ = {isa = PBXFileReference; lastKnownFileType = sourcecode.swift; path = Home.swift; sourceTree = "<group>"; };
		EA25EA272BE644B6007A88C9 /* PlayerItem.swift */ = {isa = PBXFileReference; lastKnownFileType = sourcecode.swift; path = PlayerItem.swift; sourceTree = "<group>"; };
		EA25EA292BE6487C007A88C9 /* PlayerConfig.swift */ = {isa = PBXFileReference; lastKnownFileType = sourcecode.swift; path = PlayerConfig.swift; sourceTree = "<group>"; };
		EA25EA2B2BE64DB2007A88C9 /* MiniPlayerView.swift */ = {isa = PBXFileReference; lastKnownFileType = sourcecode.swift; path = MiniPlayerView.swift; sourceTree = "<group>"; };
/* End PBXFileReference section */

/* Begin PBXFrameworksBuildPhase section */
		EA25EA0D2BE6395B007A88C9 /* Frameworks */ = {
			isa = PBXFrameworksBuildPhase;
			buildActionMask = 2147483647;
			files = (
			);
			runOnlyForDeploymentPostprocessing = 0;
		};
/* End PBXFrameworksBuildPhase section */

/* Begin PBXGroup section */
		EA25EA072BE6395B007A88C9 = {
			isa = PBXGroup;
			children = (
				EA25EA122BE6395B007A88C9 /* Youtube */,
				EA25EA112BE6395B007A88C9 /* Products */,
			);
			sourceTree = "<group>";
		};
		EA25EA112BE6395B007A88C9 /* Products */ = {
			isa = PBXGroup;
			children = (
				EA25EA102BE6395B007A88C9 /* Youtube.app */,
			);
			name = Products;
			sourceTree = "<group>";
		};
		EA25EA122BE6395B007A88C9 /* Youtube */ = {
			isa = PBXGroup;
			children = (
				EA25EA222BE6396A007A88C9 /* View */,
				EA25EA212BE63968007A88C9 /* Model */,
				EA25EA132BE6395B007A88C9 /* YoutubeApp.swift */,
				EA25EA152BE6395B007A88C9 /* ContentView.swift */,
				EA25EA172BE6395D007A88C9 /* Assets.xcassets */,
				EA25EA192BE6395D007A88C9 /* Preview Content */,
			);
			path = Youtube;
			sourceTree = "<group>";
		};
		EA25EA192BE6395D007A88C9 /* Preview Content */ = {
			isa = PBXGroup;
			children = (
				EA25EA1A2BE6395D007A88C9 /* Preview Assets.xcassets */,
			);
			path = "Preview Content";
			sourceTree = "<group>";
		};
		EA25EA212BE63968007A88C9 /* Model */ = {
			isa = PBXGroup;
			children = (
				EA25EA232BE6396F007A88C9 /* Tab.swift */,
				EA25EA272BE644B6007A88C9 /* PlayerItem.swift */,
				EA25EA292BE6487C007A88C9 /* PlayerConfig.swift */,
			);
			path = Model;
			sourceTree = "<group>";
		};
		EA25EA222BE6396A007A88C9 /* View */ = {
			isa = PBXGroup;
			children = (
				EA25EA252BE639EA007A88C9 /* Home.swift */,
				EA25EA2B2BE64DB2007A88C9 /* MiniPlayerView.swift */,
			);
			path = View;
			sourceTree = "<group>";
		};
/* End PBXGroup section */

/* Begin PBXNativeTarget section */
		EA25EA0F2BE6395B007A88C9 /* Youtube */ = {
			isa = PBXNativeTarget;
			buildConfigurationList = EA25EA1E2BE6395D007A88C9 /* Build configuration list for PBXNativeTarget "Youtube" */;
			buildPhases = (
				EA25EA0C2BE6395B007A88C9 /* Sources */,
				EA25EA0D2BE6395B007A88C9 /* Frameworks */,
				EA25EA0E2BE6395B007A88C9 /* Resources */,
			);
			buildRules = (
			);
			dependencies = (
			);
			name = Youtube;
			productName = Youtube;
			productReference = EA25EA102BE6395B007A88C9 /* Youtube.app */;
			productType = "com.apple.product-type.application";
		};
/* End PBXNativeTarget section */

/* Begin PBXProject section */
		EA25EA082BE6395B007A88C9 /* Project object */ = {
			isa = PBXProject;
			attributes = {
				BuildIndependentTargetsInParallel = 1;
				LastSwiftUpdateCheck = 1530;
				LastUpgradeCheck = 1530;
				TargetAttributes = {
					EA25EA0F2BE6395B007A88C9 = {
						CreatedOnToolsVersion = 15.3;
					};
				};
			};
			buildConfigurationList = EA25EA0B2BE6395B007A88C9 /* Build configuration list for PBXProject "Youtube" */;
			compatibilityVersion = "Xcode 14.0";
			developmentRegion = en;
			hasScannedForEncodings = 0;
			knownRegions = (
				en,
				Base,
			);
			mainGroup = EA25EA072BE6395B007A88C9;
			productRefGroup = EA25EA112BE6395B007A88C9 /* Products */;
			projectDirPath = "";
			projectRoot = "";
			targets = (
				EA25EA0F2BE6395B007A88C9 /* Youtube */,
			);
		};
/* End PBXProject section */

/* Begin PBXResourcesBuildPhase section */
		EA25EA0E2BE6395B007A88C9 /* Resources */ = {
			isa = PBXResourcesBuildPhase;
			buildActionMask = 2147483647;
			files = (
				EA25EA1B2BE6395D007A88C9 /* Preview Assets.xcassets in Resources */,
				EA25EA182BE6395D007A88C9 /* Assets.xcassets in Resources */,
			);
			runOnlyForDeploymentPostprocessing = 0;
		};
/* End PBXResourcesBuildPhase section */

/* Begin PBXSourcesBuildPhase section */
		EA25EA0C2BE6395B007A88C9 /* Sources */ = {
			isa = PBXSourcesBuildPhase;
			buildActionMask = 2147483647;
			files = (
				EA25EA242BE6396F007A88C9 /* Tab.swift in Sources */,
				EA25EA162BE6395B007A88C9 /* ContentView.swift in Sources */,
				EA25EA2C2BE64DB2007A88C9 /* MiniPlayerView.swift in Sources */,
				EA25EA282BE644B6007A88C9 /* PlayerItem.swift in Sources */,
				EA25EA262BE639EA007A88C9 /* Home.swift in Sources */,
				EA25EA2A2BE6487C007A88C9 /* PlayerConfig.swift in Sources */,
				EA25EA142BE6395B007A88C9 /* YoutubeApp.swift in Sources */,
			);
			runOnlyForDeploymentPostprocessing = 0;
		};
/* End PBXSourcesBuildPhase section */

/* Begin XCBuildConfiguration section */
		EA25EA1C2BE6395D007A88C9 /* Debug */ = {
			isa = XCBuildConfiguration;
			buildSettings = {
				ALWAYS_SEARCH_USER_PATHS = NO;
				ASSETCATALOG_COMPILER_GENERATE_SWIFT_ASSET_SYMBOL_EXTENSIONS = YES;
				CLANG_ANALYZER_NONNULL = YES;
				CLANG_ANALYZER_NUMBER_OBJECT_CONVERSION = YES_AGGRESSIVE;
				CLANG_CXX_LANGUAGE_STANDARD = "gnu++20";
				CLANG_ENABLE_MODULES = YES;
				CLANG_ENABLE_OBJC_ARC = YES;
				CLANG_ENABLE_OBJC_WEAK = YES;
				CLANG_WARN_BLOCK_CAPTURE_AUTORELEASING = YES;
				CLANG_WARN_BOOL_CONVERSION = YES;
				CLANG_WARN_COMMA = YES;
				CLANG_WARN_CONSTANT_CONVERSION = YES;
				CLANG_WARN_DEPRECATED_OBJC_IMPLEMENTATIONS = YES;
				CLANG_WARN_DIRECT_OBJC_ISA_USAGE = YES_ERROR;
				CLANG_WARN_DOCUMENTATION_COMMENTS = YES;
				CLANG_WARN_EMPTY_BODY = YES;
				CLANG_WARN_ENUM_CONVERSION = YES;
				CLANG_WARN_INFINITE_RECURSION = YES;
				CLANG_WARN_INT_CONVERSION = YES;
				CLANG_WARN_NON_LITERAL_NULL_CONVERSION = YES;
				CLANG_WARN_OBJC_IMPLICIT_RETAIN_SELF = YES;
				CLANG_WARN_OBJC_LITERAL_CONVERSION = YES;
				CLANG_WARN_OBJC_ROOT_CLASS = YES_ERROR;
				CLANG_WARN_QUOTED_INCLUDE_IN_FRAMEWORK_HEADER = YES;
				CLANG_WARN_RANGE_LOOP_ANALYSIS = YES;
				CLANG_WARN_STRICT_PROTOTYPES = YES;
				CLANG_WARN_SUSPICIOUS_MOVE = YES;
				CLANG_WARN_UNGUARDED_AVAILABILITY = YES_AGGRESSIVE;
				CLANG_WARN_UNREACHABLE_CODE = YES;
				CLANG_WARN__DUPLICATE_METHOD_MATCH = YES;
				COPY_PHASE_STRIP = NO;
				DEBUG_INFORMATION_FORMAT = dwarf;
				ENABLE_STRICT_OBJC_MSGSEND = YES;
				ENABLE_TESTABILITY = YES;
				ENABLE_USER_SCRIPT_SANDBOXING = YES;
				GCC_C_LANGUAGE_STANDARD = gnu17;
				GCC_DYNAMIC_NO_PIC = NO;
				GCC_NO_COMMON_BLOCKS = YES;
				GCC_OPTIMIZATION_LEVEL = 0;
				GCC_PREPROCESSOR_DEFINITIONS = (
					"DEBUG=1",
					"$(inherited)",
				);
				GCC_WARN_64_TO_32_BIT_CONVERSION = YES;
				GCC_WARN_ABOUT_RETURN_TYPE = YES_ERROR;
				GCC_WARN_UNDECLARED_SELECTOR = YES;
				GCC_WARN_UNINITIALIZED_AUTOS = YES_AGGRESSIVE;
				GCC_WARN_UNUSED_FUNCTION = YES;
				GCC_WARN_UNUSED_VARIABLE = YES;
				IPHONEOS_DEPLOYMENT_TARGET = 17.4;
				LOCALIZATION_PREFERS_STRING_CATALOGS = YES;
				MTL_ENABLE_DEBUG_INFO = INCLUDE_SOURCE;
				MTL_FAST_MATH = YES;
				ONLY_ACTIVE_ARCH = YES;
				SDKROOT = iphoneos;
				SWIFT_ACTIVE_COMPILATION_CONDITIONS = "DEBUG $(inherited)";
				SWIFT_OPTIMIZATION_LEVEL = "-Onone";
			};
			name = Debug;
		};
		EA25EA1D2BE6395D007A88C9 /* Release */ = {
			isa = XCBuildConfiguration;
			buildSettings = {
				ALWAYS_SEARCH_USER_PATHS = NO;
				ASSETCATALOG_COMPILER_GENERATE_SWIFT_ASSET_SYMBOL_EXTENSIONS = YES;
				CLANG_ANALYZER_NONNULL = YES;
				CLANG_ANALYZER_NUMBER_OBJECT_CONVERSION = YES_AGGRESSIVE;
				CLANG_CXX_LANGUAGE_STANDARD = "gnu++20";
				CLANG_ENABLE_MODULES = YES;
				CLANG_ENABLE_OBJC_ARC = YES;
				CLANG_ENABLE_OBJC_WEAK = YES;
				CLANG_WARN_BLOCK_CAPTURE_AUTORELEASING = YES;
				CLANG_WARN_BOOL_CONVERSION = YES;
				CLANG_WARN_COMMA = YES;
				CLANG_WARN_CONSTANT_CONVERSION = YES;
				CLANG_WARN_DEPRECATED_OBJC_IMPLEMENTATIONS = YES;
				CLANG_WARN_DIRECT_OBJC_ISA_USAGE = YES_ERROR;
				CLANG_WARN_DOCUMENTATION_COMMENTS = YES;
				CLANG_WARN_EMPTY_BODY = YES;
				CLANG_WARN_ENUM_CONVERSION = YES;
				CLANG_WARN_INFINITE_RECURSION = YES;
				CLANG_WARN_INT_CONVERSION = YES;
				CLANG_WARN_NON_LITERAL_NULL_CONVERSION = YES;
				CLANG_WARN_OBJC_IMPLICIT_RETAIN_SELF = YES;
				CLANG_WARN_OBJC_LITERAL_CONVERSION = YES;
				CLANG_WARN_OBJC_ROOT_CLASS = YES_ERROR;
				CLANG_WARN_QUOTED_INCLUDE_IN_FRAMEWORK_HEADER = YES;
				CLANG_WARN_RANGE_LOOP_ANALYSIS = YES;
				CLANG_WARN_STRICT_PROTOTYPES = YES;
				CLANG_WARN_SUSPICIOUS_MOVE = YES;
				CLANG_WARN_UNGUARDED_AVAILABILITY = YES_AGGRESSIVE;
				CLANG_WARN_UNREACHABLE_CODE = YES;
				CLANG_WARN__DUPLICATE_METHOD_MATCH = YES;
				COPY_PHASE_STRIP = NO;
				DEBUG_INFORMATION_FORMAT = "dwarf-with-dsym";
				ENABLE_NS_ASSERTIONS = NO;
				ENABLE_STRICT_OBJC_MSGSEND = YES;
				ENABLE_USER_SCRIPT_SANDBOXING = YES;
				GCC_C_LANGUAGE_STANDARD = gnu17;
				GCC_NO_COMMON_BLOCKS = YES;
				GCC_WARN_64_TO_32_BIT_CONVERSION = YES;
				GCC_WARN_ABOUT_RETURN_TYPE = YES_ERROR;
				GCC_WARN_UNDECLARED_SELECTOR = YES;
				GCC_WARN_UNINITIALIZED_AUTOS = YES_AGGRESSIVE;
				GCC_WARN_UNUSED_FUNCTION = YES;
				GCC_WARN_UNUSED_VARIABLE = YES;
				IPHONEOS_DEPLOYMENT_TARGET = 17.4;
				LOCALIZATION_PREFERS_STRING_CATALOGS = YES;
				MTL_ENABLE_DEBUG_INFO = NO;
				MTL_FAST_MATH = YES;
				SDKROOT = iphoneos;
				SWIFT_COMPILATION_MODE = wholemodule;
				VALIDATE_PRODUCT = YES;
			};
			name = Release;
		};
		EA25EA1F2BE6395D007A88C9 /* Debug */ = {
			isa = XCBuildConfiguration;
			buildSettings = {
				ASSETCATALOG_COMPILER_APPICON_NAME = AppIcon;
				ASSETCATALOG_COMPILER_GLOBAL_ACCENT_COLOR_NAME = AccentColor;
				CODE_SIGN_STYLE = Automatic;
				CURRENT_PROJECT_VERSION = 1;
				DEVELOPMENT_ASSET_PATHS = "\"Youtube/Preview Content\"";
				DEVELOPMENT_TEAM = 9AS7TGQLM2;
				ENABLE_PREVIEWS = YES;
				GENERATE_INFOPLIST_FILE = YES;
				INFOPLIST_KEY_UIApplicationSceneManifest_Generation = YES;
				INFOPLIST_KEY_UIApplicationSupportsIndirectInputEvents = YES;
				INFOPLIST_KEY_UILaunchScreen_Generation = YES;
				INFOPLIST_KEY_UISupportedInterfaceOrientations_iPad = "UIInterfaceOrientationPortrait UIInterfaceOrientationPortraitUpsideDown UIInterfaceOrientationLandscapeLeft UIInterfaceOrientationLandscapeRight";
				INFOPLIST_KEY_UISupportedInterfaceOrientations_iPhone = "UIInterfaceOrientationPortrait UIInterfaceOrientationLandscapeLeft UIInterfaceOrientationLandscapeRight";
				LD_RUNPATH_SEARCH_PATHS = (
					"$(inherited)",
					"@executable_path/Frameworks",
				);
				MARKETING_VERSION = 1.0;
				PRODUCT_BUNDLE_IDENTIFIER = com.vijaythakur.Youtube;
				PRODUCT_NAME = "$(TARGET_NAME)";
				SWIFT_EMIT_LOC_STRINGS = YES;
				SWIFT_VERSION = 5.0;
				TARGETED_DEVICE_FAMILY = "1,2";
			};
			name = Debug;
		};
		EA25EA202BE6395D007A88C9 /* Release */ = {
			isa = XCBuildConfiguration;
			buildSettings = {
				ASSETCATALOG_COMPILER_APPICON_NAME = AppIcon;
				ASSETCATALOG_COMPILER_GLOBAL_ACCENT_COLOR_NAME = AccentColor;
				CODE_SIGN_STYLE = Automatic;
				CURRENT_PROJECT_VERSION = 1;
				DEVELOPMENT_ASSET_PATHS = "\"Youtube/Preview Content\"";
				DEVELOPMENT_TEAM = 9AS7TGQLM2;
				ENABLE_PREVIEWS = YES;
				GENERATE_INFOPLIST_FILE = YES;
				INFOPLIST_KEY_UIApplicationSceneManifest_Generation = YES;
				INFOPLIST_KEY_UIApplicationSupportsIndirectInputEvents = YES;
				INFOPLIST_KEY_UILaunchScreen_Generation = YES;
				INFOPLIST_KEY_UISupportedInterfaceOrientations_iPad = "UIInterfaceOrientationPortrait UIInterfaceOrientationPortraitUpsideDown UIInterfaceOrientationLandscapeLeft UIInterfaceOrientationLandscapeRight";
				INFOPLIST_KEY_UISupportedInterfaceOrientations_iPhone = "UIInterfaceOrientationPortrait UIInterfaceOrientationLandscapeLeft UIInterfaceOrientationLandscapeRight";
				LD_RUNPATH_SEARCH_PATHS = (
					"$(inherited)",
					"@executable_path/Frameworks",
				);
				MARKETING_VERSION = 1.0;
				PRODUCT_BUNDLE_IDENTIFIER = com.vijaythakur.Youtube;
				PRODUCT_NAME = "$(TARGET_NAME)";
				SWIFT_EMIT_LOC_STRINGS = YES;
				SWIFT_VERSION = 5.0;
				TARGETED_DEVICE_FAMILY = "1,2";
			};
			name = Release;
		};
/* End XCBuildConfiguration section */

/* Begin XCConfigurationList section */
		EA25EA0B2BE6395B007A88C9 /* Build configuration list for PBXProject "Youtube" */ = {
			isa = XCConfigurationList;
			buildConfigurations = (
				EA25EA1C2BE6395D007A88C9 /* Debug */,
				EA25EA1D2BE6395D007A88C9 /* Release */,
			);
			defaultConfigurationIsVisible = 0;
			defaultConfigurationName = Release;
		};
		EA25EA1E2BE6395D007A88C9 /* Build configuration list for PBXNativeTarget "Youtube" */ = {
			isa = XCConfigurationList;
			buildConfigurations = (
				EA25EA1F2BE6395D007A88C9 /* Debug */,
				EA25EA202BE6395D007A88C9 /* Release */,
			);
			defaultConfigurationIsVisible = 0;
			defaultConfigurationName = Release;
		};
/* End XCConfigurationList section */
	};
	rootObject = EA25EA082BE6395B007A88C9 /* Project object */;
}
