// !$*UTF8*$!
{
	archiveVersion = 1;
	classes = {
	};
	objectVersion = 56;
	objects = {

/* Begin PBXBuildFile section */
		EA9486CD2AFFD74D00F1D853 /* User.swift in Sources */ = {isa = PBXBuildFile; fileRef = EA9486CC2AFFD74D00F1D853 /* User.swift */; };
		EA9486CF2AFFD7B300F1D853 /* HomeViewModel.swift in Sources */ = {isa = PBXBuildFile; fileRef = EA9486CE2AFFD7B300F1D853 /* HomeViewModel.swift */; };
		EA9486D12AFFDA0000F1D853 /* StackCardView.swift in Sources */ = {isa = PBXBuildFile; fileRef = EA9486D02AFFDA0000F1D853 /* StackCardView.swift */; };
		EACC98172AFF8C4500CF8A85 /* CardSwipeApp.swift in Sources */ = {isa = PBXBuildFile; fileRef = EACC98162AFF8C4500CF8A85 /* CardSwipeApp.swift */; };
		EACC98192AFF8C4500CF8A85 /* ContentView.swift in Sources */ = {isa = PBXBuildFile; fileRef = EACC98182AFF8C4500CF8A85 /* ContentView.swift */; };
		EACC981B2AFF8C4700CF8A85 /* Assets.xcassets in Resources */ = {isa = PBXBuildFile; fileRef = EACC981A2AFF8C4700CF8A85 /* Assets.xcassets */; };
		EACC981E2AFF8C4700CF8A85 /* Preview Assets.xcassets in Resources */ = {isa = PBXBuildFile; fileRef = EACC981D2AFF8C4700CF8A85 /* Preview Assets.xcassets */; };
		EACC98282AFF8E4500CF8A85 /* Home.swift in Sources */ = {isa = PBXBuildFile; fileRef = EACC98272AFF8E4500CF8A85 /* Home.swift */; };
/* End PBXBuildFile section */

/* Begin PBXFileReference section */
		EA9486CC2AFFD74D00F1D853 /* User.swift */ = {isa = PBXFileReference; lastKnownFileType = sourcecode.swift; path = User.swift; sourceTree = "<group>"; };
		EA9486CE2AFFD7B300F1D853 /* HomeViewModel.swift */ = {isa = PBXFileReference; lastKnownFileType = sourcecode.swift; path = HomeViewModel.swift; sourceTree = "<group>"; };
		EA9486D02AFFDA0000F1D853 /* StackCardView.swift */ = {isa = PBXFileReference; lastKnownFileType = sourcecode.swift; path = StackCardView.swift; sourceTree = "<group>"; };
		EACC98132AFF8C4500CF8A85 /* CardSwipe.app */ = {isa = PBXFileReference; explicitFileType = wrapper.application; includeInIndex = 0; path = CardSwipe.app; sourceTree = BUILT_PRODUCTS_DIR; };
		EACC98162AFF8C4500CF8A85 /* CardSwipeApp.swift */ = {isa = PBXFileReference; lastKnownFileType = sourcecode.swift; path = CardSwipeApp.swift; sourceTree = "<group>"; };
		EACC98182AFF8C4500CF8A85 /* ContentView.swift */ = {isa = PBXFileReference; lastKnownFileType = sourcecode.swift; path = ContentView.swift; sourceTree = "<group>"; };
		EACC981A2AFF8C4700CF8A85 /* Assets.xcassets */ = {isa = PBXFileReference; lastKnownFileType = folder.assetcatalog; path = Assets.xcassets; sourceTree = "<group>"; };
		EACC981D2AFF8C4700CF8A85 /* Preview Assets.xcassets */ = {isa = PBXFileReference; lastKnownFileType = folder.assetcatalog; path = "Preview Assets.xcassets"; sourceTree = "<group>"; };
		EACC98272AFF8E4500CF8A85 /* Home.swift */ = {isa = PBXFileReference; lastKnownFileType = sourcecode.swift; path = Home.swift; sourceTree = "<group>"; };
/* End PBXFileReference section */

/* Begin PBXFrameworksBuildPhase section */
		EACC98102AFF8C4500CF8A85 /* Frameworks */ = {
			isa = PBXFrameworksBuildPhase;
			buildActionMask = 2147483647;
			files = (
			);
			runOnlyForDeploymentPostprocessing = 0;
		};
/* End PBXFrameworksBuildPhase section */

/* Begin PBXGroup section */
		EACC980A2AFF8C4500CF8A85 = {
			isa = PBXGroup;
			children = (
				EACC98152AFF8C4500CF8A85 /* CardSwipe */,
				EACC98142AFF8C4500CF8A85 /* Products */,
			);
			sourceTree = "<group>";
		};
		EACC98142AFF8C4500CF8A85 /* Products */ = {
			isa = PBXGroup;
			children = (
				EACC98132AFF8C4500CF8A85 /* CardSwipe.app */,
			);
			name = Products;
			sourceTree = "<group>";
		};
		EACC98152AFF8C4500CF8A85 /* CardSwipe */ = {
			isa = PBXGroup;
			children = (
				EACC98262AFF8E3900CF8A85 /* View */,
				EACC98252AFF8E3000CF8A85 /* ViewModel */,
				EACC98242AFF8E1F00CF8A85 /* Model */,
				EACC98162AFF8C4500CF8A85 /* CardSwipeApp.swift */,
				EACC98182AFF8C4500CF8A85 /* ContentView.swift */,
				EACC981A2AFF8C4700CF8A85 /* Assets.xcassets */,
				EACC981C2AFF8C4700CF8A85 /* Preview Content */,
			);
			path = CardSwipe;
			sourceTree = "<group>";
		};
		EACC981C2AFF8C4700CF8A85 /* Preview Content */ = {
			isa = PBXGroup;
			children = (
				EACC981D2AFF8C4700CF8A85 /* Preview Assets.xcassets */,
			);
			path = "Preview Content";
			sourceTree = "<group>";
		};
		EACC98242AFF8E1F00CF8A85 /* Model */ = {
			isa = PBXGroup;
			children = (
				EA9486CC2AFFD74D00F1D853 /* User.swift */,
			);
			path = Model;
			sourceTree = "<group>";
		};
		EACC98252AFF8E3000CF8A85 /* ViewModel */ = {
			isa = PBXGroup;
			children = (
				EA9486CE2AFFD7B300F1D853 /* HomeViewModel.swift */,
			);
			path = ViewModel;
			sourceTree = "<group>";
		};
		EACC98262AFF8E3900CF8A85 /* View */ = {
			isa = PBXGroup;
			children = (
				EACC98272AFF8E4500CF8A85 /* Home.swift */,
				EA9486D02AFFDA0000F1D853 /* StackCardView.swift */,
			);
			path = View;
			sourceTree = "<group>";
		};
/* End PBXGroup section */

/* Begin PBXNativeTarget section */
		EACC98122AFF8C4500CF8A85 /* CardSwipe */ = {
			isa = PBXNativeTarget;
			buildConfigurationList = EACC98212AFF8C4700CF8A85 /* Build configuration list for PBXNativeTarget "CardSwipe" */;
			buildPhases = (
				EACC980F2AFF8C4500CF8A85 /* Sources */,
				EACC98102AFF8C4500CF8A85 /* Frameworks */,
				EACC98112AFF8C4500CF8A85 /* Resources */,
			);
			buildRules = (
			);
			dependencies = (
			);
			name = CardSwipe;
			productName = CardSwipe;
			productReference = EACC98132AFF8C4500CF8A85 /* CardSwipe.app */;
			productType = "com.apple.product-type.application";
		};
/* End PBXNativeTarget section */

/* Begin PBXProject section */
		EACC980B2AFF8C4500CF8A85 /* Project object */ = {
			isa = PBXProject;
			attributes = {
				BuildIndependentTargetsInParallel = 1;
				LastSwiftUpdateCheck = 1500;
				LastUpgradeCheck = 1500;
				TargetAttributes = {
					EACC98122AFF8C4500CF8A85 = {
						CreatedOnToolsVersion = 15.0;
					};
				};
			};
			buildConfigurationList = EACC980E2AFF8C4500CF8A85 /* Build configuration list for PBXProject "CardSwipe" */;
			compatibilityVersion = "Xcode 14.0";
			developmentRegion = en;
			hasScannedForEncodings = 0;
			knownRegions = (
				en,
				Base,
			);
			mainGroup = EACC980A2AFF8C4500CF8A85;
			productRefGroup = EACC98142AFF8C4500CF8A85 /* Products */;
			projectDirPath = "";
			projectRoot = "";
			targets = (
				EACC98122AFF8C4500CF8A85 /* CardSwipe */,
			);
		};
/* End PBXProject section */

/* Begin PBXResourcesBuildPhase section */
		EACC98112AFF8C4500CF8A85 /* Resources */ = {
			isa = PBXResourcesBuildPhase;
			buildActionMask = 2147483647;
			files = (
				EACC981E2AFF8C4700CF8A85 /* Preview Assets.xcassets in Resources */,
				EACC981B2AFF8C4700CF8A85 /* Assets.xcassets in Resources */,
			);
			runOnlyForDeploymentPostprocessing = 0;
		};
/* End PBXResourcesBuildPhase section */

/* Begin PBXSourcesBuildPhase section */
		EACC980F2AFF8C4500CF8A85 /* Sources */ = {
			isa = PBXSourcesBuildPhase;
			buildActionMask = 2147483647;
			files = (
				EA9486CD2AFFD74D00F1D853 /* User.swift in Sources */,
				EACC98192AFF8C4500CF8A85 /* ContentView.swift in Sources */,
				EACC98282AFF8E4500CF8A85 /* Home.swift in Sources */,
				EA9486D12AFFDA0000F1D853 /* StackCardView.swift in Sources */,
				EA9486CF2AFFD7B300F1D853 /* HomeViewModel.swift in Sources */,
				EACC98172AFF8C4500CF8A85 /* CardSwipeApp.swift in Sources */,
			);
			runOnlyForDeploymentPostprocessing = 0;
		};
/* End PBXSourcesBuildPhase section */

/* Begin XCBuildConfiguration section */
		EACC981F2AFF8C4700CF8A85 /* Debug */ = {
			isa = XCBuildConfiguration;
			buildSettings = {
				ALWAYS_SEARCH_USER_PATHS = NO;
				ASSETCATALOG_COMPILER_GENERATE_SWIFT_ASSET_SYMBOL_EXTENSIONS = YES;
				CLANG_ANALYZER_NONNULL = YES;
				CLANG_ANALYZER_NUMBER_OBJECT_CONVERSION = YES_AGGRESSIVE;
				CLANG_CXX_LANGUAGE_STANDARD = "gnu++20";
				CLANG_ENABLE_MODULES = YES;
				CLANG_ENABLE_OBJC_ARC = YES;
				CLANG_ENABLE_OBJC_WEAK = YES;
				CLANG_WARN_BLOCK_CAPTURE_AUTORELEASING = YES;
				CLANG_WARN_BOOL_CONVERSION = YES;
				CLANG_WARN_COMMA = YES;
				CLANG_WARN_CONSTANT_CONVERSION = YES;
				CLANG_WARN_DEPRECATED_OBJC_IMPLEMENTATIONS = YES;
				CLANG_WARN_DIRECT_OBJC_ISA_USAGE = YES_ERROR;
				CLANG_WARN_DOCUMENTATION_COMMENTS = YES;
				CLANG_WARN_EMPTY_BODY = YES;
				CLANG_WARN_ENUM_CONVERSION = YES;
				CLANG_WARN_INFINITE_RECURSION = YES;
				CLANG_WARN_INT_CONVERSION = YES;
				CLANG_WARN_NON_LITERAL_NULL_CONVERSION = YES;
				CLANG_WARN_OBJC_IMPLICIT_RETAIN_SELF = YES;
				CLANG_WARN_OBJC_LITERAL_CONVERSION = YES;
				CLANG_WARN_OBJC_ROOT_CLASS = YES_ERROR;
				CLANG_WARN_QUOTED_INCLUDE_IN_FRAMEWORK_HEADER = YES;
				CLANG_WARN_RANGE_LOOP_ANALYSIS = YES;
				CLANG_WARN_STRICT_PROTOTYPES = YES;
				CLANG_WARN_SUSPICIOUS_MOVE = YES;
				CLANG_WARN_UNGUARDED_AVAILABILITY = YES_AGGRESSIVE;
				CLANG_WARN_UNREACHABLE_CODE = YES;
				CLANG_WARN__DUPLICATE_METHOD_MATCH = YES;
				COPY_PHASE_STRIP = NO;
				DEBUG_INFORMATION_FORMAT = dwarf;
				ENABLE_STRICT_OBJC_MSGSEND = YES;
				ENABLE_TESTABILITY = YES;
				ENABLE_USER_SCRIPT_SANDBOXING = YES;
				GCC_C_LANGUAGE_STANDARD = gnu17;
				GCC_DYNAMIC_NO_PIC = NO;
				GCC_NO_COMMON_BLOCKS = YES;
				GCC_OPTIMIZATION_LEVEL = 0;
				GCC_PREPROCESSOR_DEFINITIONS = (
					"DEBUG=1",
					"$(inherited)",
				);
				GCC_WARN_64_TO_32_BIT_CONVERSION = YES;
				GCC_WARN_ABOUT_RETURN_TYPE = YES_ERROR;
				GCC_WARN_UNDECLARED_SELECTOR = YES;
				GCC_WARN_UNINITIALIZED_AUTOS = YES_AGGRESSIVE;
				GCC_WARN_UNUSED_FUNCTION = YES;
				GCC_WARN_UNUSED_VARIABLE = YES;
				IPHONEOS_DEPLOYMENT_TARGET = 17.0;
				LOCALIZATION_PREFERS_STRING_CATALOGS = YES;
				MTL_ENABLE_DEBUG_INFO = INCLUDE_SOURCE;
				MTL_FAST_MATH = YES;
				ONLY_ACTIVE_ARCH = YES;
				SDKROOT = iphoneos;
				SWIFT_ACTIVE_COMPILATION_CONDITIONS = "DEBUG $(inherited)";
				SWIFT_OPTIMIZATION_LEVEL = "-Onone";
			};
			name = Debug;
		};
		EACC98202AFF8C4700CF8A85 /* Release */ = {
			isa = XCBuildConfiguration;
			buildSettings = {
				ALWAYS_SEARCH_USER_PATHS = NO;
				ASSETCATALOG_COMPILER_GENERATE_SWIFT_ASSET_SYMBOL_EXTENSIONS = YES;
				CLANG_ANALYZER_NONNULL = YES;
				CLANG_ANALYZER_NUMBER_OBJECT_CONVERSION = YES_AGGRESSIVE;
				CLANG_CXX_LANGUAGE_STANDARD = "gnu++20";
				CLANG_ENABLE_MODULES = YES;
				CLANG_ENABLE_OBJC_ARC = YES;
				CLANG_ENABLE_OBJC_WEAK = YES;
				CLANG_WARN_BLOCK_CAPTURE_AUTORELEASING = YES;
				CLANG_WARN_BOOL_CONVERSION = YES;
				CLANG_WARN_COMMA = YES;
				CLANG_WARN_CONSTANT_CONVERSION = YES;
				CLANG_WARN_DEPRECATED_OBJC_IMPLEMENTATIONS = YES;
				CLANG_WARN_DIRECT_OBJC_ISA_USAGE = YES_ERROR;
				CLANG_WARN_DOCUMENTATION_COMMENTS = YES;
				CLANG_WARN_EMPTY_BODY = YES;
				CLANG_WARN_ENUM_CONVERSION = YES;
				CLANG_WARN_INFINITE_RECURSION = YES;
				CLANG_WARN_INT_CONVERSION = YES;
				CLANG_WARN_NON_LITERAL_NULL_CONVERSION = YES;
				CLANG_WARN_OBJC_IMPLICIT_RETAIN_SELF = YES;
				CLANG_WARN_OBJC_LITERAL_CONVERSION = YES;
				CLANG_WARN_OBJC_ROOT_CLASS = YES_ERROR;
				CLANG_WARN_QUOTED_INCLUDE_IN_FRAMEWORK_HEADER = YES;
				CLANG_WARN_RANGE_LOOP_ANALYSIS = YES;
				CLANG_WARN_STRICT_PROTOTYPES = YES;
				CLANG_WARN_SUSPICIOUS_MOVE = YES;
				CLANG_WARN_UNGUARDED_AVAILABILITY = YES_AGGRESSIVE;
				CLANG_WARN_UNREACHABLE_CODE = YES;
				CLANG_WARN__DUPLICATE_METHOD_MATCH = YES;
				COPY_PHASE_STRIP = NO;
				DEBUG_INFORMATION_FORMAT = "dwarf-with-dsym";
				ENABLE_NS_ASSERTIONS = NO;
				ENABLE_STRICT_OBJC_MSGSEND = YES;
				ENABLE_USER_SCRIPT_SANDBOXING = YES;
				GCC_C_LANGUAGE_STANDARD = gnu17;
				GCC_NO_COMMON_BLOCKS = YES;
				GCC_WARN_64_TO_32_BIT_CONVERSION = YES;
				GCC_WARN_ABOUT_RETURN_TYPE = YES_ERROR;
				GCC_WARN_UNDECLARED_SELECTOR = YES;
				GCC_WARN_UNINITIALIZED_AUTOS = YES_AGGRESSIVE;
				GCC_WARN_UNUSED_FUNCTION = YES;
				GCC_WARN_UNUSED_VARIABLE = YES;
				IPHONEOS_DEPLOYMENT_TARGET = 17.0;
				LOCALIZATION_PREFERS_STRING_CATALOGS = YES;
				MTL_ENABLE_DEBUG_INFO = NO;
				MTL_FAST_MATH = YES;
				SDKROOT = iphoneos;
				SWIFT_COMPILATION_MODE = wholemodule;
				VALIDATE_PRODUCT = YES;
			};
			name = Release;
		};
		EACC98222AFF8C4700CF8A85 /* Debug */ = {
			isa = XCBuildConfiguration;
			buildSettings = {
				ASSETCATALOG_COMPILER_APPICON_NAME = AppIcon;
				ASSETCATALOG_COMPILER_GLOBAL_ACCENT_COLOR_NAME = AccentColor;
				CODE_SIGN_STYLE = Automatic;
				CURRENT_PROJECT_VERSION = 1;
				DEVELOPMENT_ASSET_PATHS = "\"CardSwipe/Preview Content\"";
				DEVELOPMENT_TEAM = 9AS7TGQLM2;
				ENABLE_PREVIEWS = YES;
				GENERATE_INFOPLIST_FILE = YES;
				INFOPLIST_KEY_UIApplicationSceneManifest_Generation = YES;
				INFOPLIST_KEY_UIApplicationSupportsIndirectInputEvents = YES;
				INFOPLIST_KEY_UILaunchScreen_Generation = YES;
				INFOPLIST_KEY_UISupportedInterfaceOrientations_iPad = "UIInterfaceOrientationPortrait UIInterfaceOrientationPortraitUpsideDown UIInterfaceOrientationLandscapeLeft UIInterfaceOrientationLandscapeRight";
				INFOPLIST_KEY_UISupportedInterfaceOrientations_iPhone = "UIInterfaceOrientationPortrait UIInterfaceOrientationLandscapeLeft UIInterfaceOrientationLandscapeRight";
				LD_RUNPATH_SEARCH_PATHS = (
					"$(inherited)",
					"@executable_path/Frameworks",
				);
				MARKETING_VERSION = 1.0;
				PRODUCT_BUNDLE_IDENTIFIER = com.vijaythakur.CardSwipe;
				PRODUCT_NAME = "$(TARGET_NAME)";
				SWIFT_EMIT_LOC_STRINGS = YES;
				SWIFT_VERSION = 5.0;
				TARGETED_DEVICE_FAMILY = "1,2";
			};
			name = Debug;
		};
		EACC98232AFF8C4700CF8A85 /* Release */ = {
			isa = XCBuildConfiguration;
			buildSettings = {
				ASSETCATALOG_COMPILER_APPICON_NAME = AppIcon;
				ASSETCATALOG_COMPILER_GLOBAL_ACCENT_COLOR_NAME = AccentColor;
				CODE_SIGN_STYLE = Automatic;
				CURRENT_PROJECT_VERSION = 1;
				DEVELOPMENT_ASSET_PATHS = "\"CardSwipe/Preview Content\"";
				DEVELOPMENT_TEAM = 9AS7TGQLM2;
				ENABLE_PREVIEWS = YES;
				GENERATE_INFOPLIST_FILE = YES;
				INFOPLIST_KEY_UIApplicationSceneManifest_Generation = YES;
				INFOPLIST_KEY_UIApplicationSupportsIndirectInputEvents = YES;
				INFOPLIST_KEY_UILaunchScreen_Generation = YES;
				INFOPLIST_KEY_UISupportedInterfaceOrientations_iPad = "UIInterfaceOrientationPortrait UIInterfaceOrientationPortraitUpsideDown UIInterfaceOrientationLandscapeLeft UIInterfaceOrientationLandscapeRight";
				INFOPLIST_KEY_UISupportedInterfaceOrientations_iPhone = "UIInterfaceOrientationPortrait UIInterfaceOrientationLandscapeLeft UIInterfaceOrientationLandscapeRight";
				LD_RUNPATH_SEARCH_PATHS = (
					"$(inherited)",
					"@executable_path/Frameworks",
				);
				MARKETING_VERSION = 1.0;
				PRODUCT_BUNDLE_IDENTIFIER = com.vijaythakur.CardSwipe;
				PRODUCT_NAME = "$(TARGET_NAME)";
				SWIFT_EMIT_LOC_STRINGS = YES;
				SWIFT_VERSION = 5.0;
				TARGETED_DEVICE_FAMILY = "1,2";
			};
			name = Release;
		};
/* End XCBuildConfiguration section */

/* Begin XCConfigurationList section */
		EACC980E2AFF8C4500CF8A85 /* Build configuration list for PBXProject "CardSwipe" */ = {
			isa = XCConfigurationList;
			buildConfigurations = (
				EACC981F2AFF8C4700CF8A85 /* Debug */,
				EACC98202AFF8C4700CF8A85 /* Release */,
			);
			defaultConfigurationIsVisible = 0;
			defaultConfigurationName = Release;
		};
		EACC98212AFF8C4700CF8A85 /* Build configuration list for PBXNativeTarget "CardSwipe" */ = {
			isa = XCConfigurationList;
			buildConfigurations = (
				EACC98222AFF8C4700CF8A85 /* Debug */,
				EACC98232AFF8C4700CF8A85 /* Release */,
			);
			defaultConfigurationIsVisible = 0;
			defaultConfigurationName = Release;
		};
/* End XCConfigurationList section */
	};
	rootObject = EACC980B2AFF8C4500CF8A85 /* Project object */;
}
